// !$*UTF8*$!
{
	archiveVersion = 1;
	classes = {
	};
	objectVersion = 46;
	objects = {

/* Begin PBXBuildFile section */
		B205EFF2228730440031B4B4 /* Screen.cpp in Sources */ = {isa = PBXBuildFile; fileRef = B205EFF0228730440031B4B4 /* Screen.cpp */; };
		B2506FB21FFD073700237ECA /* JavaScriptCore.framework in Frameworks */ = {isa = PBXBuildFile; fileRef = B2506FB11FFD073700237ECA /* JavaScriptCore.framework */; };
		B254E0D31F360B16008DD68C /* AudioToolbox.framework in Frameworks */ = {isa = PBXBuildFile; fileRef = B2A103441ED7170200A2EB8A /* AudioToolbox.framework */; };
		B26812FA20FDF94300AC7AAB /* App.cpp in Sources */ = {isa = PBXBuildFile; fileRef = B268127720FDF94300AC7AAB /* App.cpp */; };
		B26812FB20FDF94300AC7AAB /* Tween.cpp in Sources */ = {isa = PBXBuildFile; fileRef = B268127F20FDF94300AC7AAB /* Tween.cpp */; };
		B26812FC20FDF94300AC7AAB /* PubSub.cpp in Sources */ = {isa = PBXBuildFile; fileRef = B268128320FDF94300AC7AAB /* PubSub.cpp */; };
		B26812FD20FDF94300AC7AAB /* MogStats.cpp in Sources */ = {isa = PBXBuildFile; fileRef = B268128520FDF94300AC7AAB /* MogStats.cpp */; };
		B26812FE20FDF94300AC7AAB /* MogUILoader.cpp in Sources */ = {isa = PBXBuildFile; fileRef = B268128920FDF94300AC7AAB /* MogUILoader.cpp */; };
		B26812FF20FDF94300AC7AAB /* FileUtils.cpp in Sources */ = {isa = PBXBuildFile; fileRef = B268128B20FDF94300AC7AAB /* FileUtils.cpp */; };
		B268130020FDF94300AC7AAB /* Data.cpp in Sources */ = {isa = PBXBuildFile; fileRef = B268129020FDF94300AC7AAB /* Data.cpp */; };
		B268130120FDF94300AC7AAB /* Shader.cpp in Sources */ = {isa = PBXBuildFile; fileRef = B268129120FDF94300AC7AAB /* Shader.cpp */; };
		B268130220FDF94300AC7AAB /* DataStore.cpp in Sources */ = {isa = PBXBuildFile; fileRef = B268129320FDF94300AC7AAB /* DataStore.cpp */; };
		B268130320FDF94300AC7AAB /* Transform.cpp in Sources */ = {isa = PBXBuildFile; fileRef = B268129420FDF94300AC7AAB /* Transform.cpp */; };
		B268130420FDF94300AC7AAB /* Http.cpp in Sources */ = {isa = PBXBuildFile; fileRef = B268129620FDF94300AC7AAB /* Http.cpp */; };
		B268130520FDF94300AC7AAB /* Texture2D.cpp in Sources */ = {isa = PBXBuildFile; fileRef = B268129720FDF94300AC7AAB /* Texture2D.cpp */; };
		B268130620FDF94300AC7AAB /* TouchEventListener.cpp in Sources */ = {isa = PBXBuildFile; fileRef = B268129920FDF94300AC7AAB /* TouchEventListener.cpp */; };
		B268130720FDF94300AC7AAB /* Engine.cpp in Sources */ = {isa = PBXBuildFile; fileRef = B268129A20FDF94300AC7AAB /* Engine.cpp */; };
		B268130820FDF94300AC7AAB /* TextureAtlas.cpp in Sources */ = {isa = PBXBuildFile; fileRef = B268129B20FDF94300AC7AAB /* TextureAtlas.cpp */; };
		B268130A20FDF94300AC7AAB /* Preference.cpp in Sources */ = {isa = PBXBuildFile; fileRef = B268129F20FDF94300AC7AAB /* Preference.cpp */; };
		B268130B20FDF94300AC7AAB /* AudioPlayer.cpp in Sources */ = {isa = PBXBuildFile; fileRef = B26812A020FDF94300AC7AAB /* AudioPlayer.cpp */; };
		B268130C20FDF94300AC7AAB /* Collision.cpp in Sources */ = {isa = PBXBuildFile; fileRef = B26812A120FDF94300AC7AAB /* Collision.cpp */; };
		B268130D20FDF94300AC7AAB /* plain_objects.cpp in Sources */ = {isa = PBXBuildFile; fileRef = B26812A320FDF94300AC7AAB /* plain_objects.cpp */; };
		B268130E20FDF94300AC7AAB /* Renderer.cpp in Sources */ = {isa = PBXBuildFile; fileRef = B26812A420FDF94300AC7AAB /* Renderer.cpp */; };
		B268130F20FDF94300AC7AAB /* mog_functions.cpp in Sources */ = {isa = PBXBuildFile; fileRef = B26812A620FDF94300AC7AAB /* mog_functions.cpp */; };
		B268131020FDF94300AC7AAB /* json.c in Sources */ = {isa = PBXBuildFile; fileRef = B26812AB20FDF94300AC7AAB /* json.c */; };
		B268131120FDF94300AC7AAB /* aes.c in Sources */ = {isa = PBXBuildFile; fileRef = B26812AC20FDF94300AC7AAB /* aes.c */; };
		B268131320FDF94300AC7AAB /* sha256.cpp in Sources */ = {isa = PBXBuildFile; fileRef = B26812B220FDF94300AC7AAB /* sha256.cpp */; };
		B268131420FDF94300AC7AAB /* Line.cpp in Sources */ = {isa = PBXBuildFile; fileRef = B26812B820FDF94300AC7AAB /* Line.cpp */; };
		B268131520FDF94300AC7AAB /* SpriteSheet.cpp in Sources */ = {isa = PBXBuildFile; fileRef = B26812BB20FDF94300AC7AAB /* SpriteSheet.cpp */; };
		B268131620FDF94300AC7AAB /* Scene.cpp in Sources */ = {isa = PBXBuildFile; fileRef = B26812BD20FDF94300AC7AAB /* Scene.cpp */; };
		B268131720FDF94300AC7AAB /* Entity.cpp in Sources */ = {isa = PBXBuildFile; fileRef = B26812BF20FDF94300AC7AAB /* Entity.cpp */; };
		B268131820FDF94300AC7AAB /* Sprite.cpp in Sources */ = {isa = PBXBuildFile; fileRef = B26812C120FDF94300AC7AAB /* Sprite.cpp */; };
		B268131920FDF94300AC7AAB /* Drawable.cpp in Sources */ = {isa = PBXBuildFile; fileRef = B26812C220FDF94300AC7AAB /* Drawable.cpp */; };
		B268131A20FDF94300AC7AAB /* Slice9Sprite.cpp in Sources */ = {isa = PBXBuildFile; fileRef = B26812C420FDF94300AC7AAB /* Slice9Sprite.cpp */; };
		B268131B20FDF94300AC7AAB /* Graphics.cpp in Sources */ = {isa = PBXBuildFile; fileRef = B26812C520FDF94300AC7AAB /* Graphics.cpp */; };
		B268131C20FDF94300AC7AAB /* Label.cpp in Sources */ = {isa = PBXBuildFile; fileRef = B26812C620FDF94300AC7AAB /* Label.cpp */; };
		B268131E20FDF94300AC7AAB /* Polygon.cpp in Sources */ = {isa = PBXBuildFile; fileRef = B26812CB20FDF94300AC7AAB /* Polygon.cpp */; };
		B268131F20FDF94300AC7AAB /* Rectangle.cpp in Sources */ = {isa = PBXBuildFile; fileRef = B26812CC20FDF94300AC7AAB /* Rectangle.cpp */; };
		B268132020FDF94300AC7AAB /* Circle.cpp in Sources */ = {isa = PBXBuildFile; fileRef = B26812CD20FDF94300AC7AAB /* Circle.cpp */; };
		B268132120FDF94400AC7AAB /* DrawableGroup.cpp in Sources */ = {isa = PBXBuildFile; fileRef = B26812D120FDF94300AC7AAB /* DrawableGroup.cpp */; };
		B268132220FDF94400AC7AAB /* AppBase.cpp in Sources */ = {isa = PBXBuildFile; fileRef = B26812D420FDF94300AC7AAB /* AppBase.cpp */; };
		B268132320FDF94400AC7AAB /* Group.cpp in Sources */ = {isa = PBXBuildFile; fileRef = B26812D520FDF94300AC7AAB /* Group.cpp */; };
		B268132420FDF94400AC7AAB /* RoundedRectangle.cpp in Sources */ = {isa = PBXBuildFile; fileRef = B26812D620FDF94300AC7AAB /* RoundedRectangle.cpp */; };
		B268132520FDF94400AC7AAB /* PreferenceNative.mm in Sources */ = {isa = PBXBuildFile; fileRef = B26812DF20FDF94300AC7AAB /* PreferenceNative.mm */; };
		B268132620FDF94400AC7AAB /* Texture2DNative.mm in Sources */ = {isa = PBXBuildFile; fileRef = B26812E020FDF94300AC7AAB /* Texture2DNative.mm */; };
		B268132720FDF94400AC7AAB /* FileUtilsNative.mm in Sources */ = {isa = PBXBuildFile; fileRef = B26812E320FDF94300AC7AAB /* FileUtilsNative.mm */; };
		B268132820FDF94400AC7AAB /* mog_functions_native.mm in Sources */ = {isa = PBXBuildFile; fileRef = B26812E420FDF94300AC7AAB /* mog_functions_native.mm */; };
		B268132920FDF94400AC7AAB /* NativeClass.mm in Sources */ = {isa = PBXBuildFile; fileRef = B26812E720FDF94300AC7AAB /* NativeClass.mm */; settings = {COMPILER_FLAGS = "-fno-objc-arc"; }; };
		B268132A20FDF94400AC7AAB /* HttpNative.mm in Sources */ = {isa = PBXBuildFile; fileRef = B26812E820FDF94300AC7AAB /* HttpNative.mm */; };
		B268132C20FDF94400AC7AAB /* AudioPlayerNative.mm in Sources */ = {isa = PBXBuildFile; fileRef = B26812EC20FDF94300AC7AAB /* AudioPlayerNative.mm */; };
		B268132D20FDF94400AC7AAB /* MogAppDelegate.m in Sources */ = {isa = PBXBuildFile; fileRef = B26812F220FDF94300AC7AAB /* MogAppDelegate.m */; };
		B268132E20FDF94400AC7AAB /* MogEngineController.mm in Sources */ = {isa = PBXBuildFile; fileRef = B26812F520FDF94300AC7AAB /* MogEngineController.mm */; };
		B268132F20FDF94400AC7AAB /* MogView.m in Sources */ = {isa = PBXBuildFile; fileRef = B26812F620FDF94300AC7AAB /* MogView.m */; };
		B268133020FDF94400AC7AAB /* MogViewController.m in Sources */ = {isa = PBXBuildFile; fileRef = B26812F920FDF94300AC7AAB /* MogViewController.m */; };
		B27A7ECD224B6432006FFE8D /* TiledSprite.cpp in Sources */ = {isa = PBXBuildFile; fileRef = B27A7ECC224B6431006FFE8D /* TiledSprite.cpp */; };
		B2A101771ED713DD00A2EB8A /* main.m in Sources */ = {isa = PBXBuildFile; fileRef = B2A101761ED713DD00A2EB8A /* main.m */; };
		B2A101821ED713DD00A2EB8A /* Assets.xcassets in Resources */ = {isa = PBXBuildFile; fileRef = B2A101811ED713DD00A2EB8A /* Assets.xcassets */; };
		B2A101851ED713DD00A2EB8A /* LaunchScreen.storyboard in Resources */ = {isa = PBXBuildFile; fileRef = B2A101831ED713DD00A2EB8A /* LaunchScreen.storyboard */; };
		B2A103321ED7154000A2EB8A /* assets in Resources */ = {isa = PBXBuildFile; fileRef = B2A103311ED7154000A2EB8A /* assets */; };
		B2A103411ED716D100A2EB8A /* OpenAL.framework in Frameworks */ = {isa = PBXBuildFile; fileRef = B2A103401ED716D100A2EB8A /* OpenAL.framework */; };
		B2B4730B1F0E79930043D501 /* assets_ios in Resources */ = {isa = PBXBuildFile; fileRef = B2B4730A1F0E79930043D501 /* assets_ios */; };
		B2D989B522760F4E00333277 /* IOSHelper.cpp in Sources */ = {isa = PBXBuildFile; fileRef = B2D989B422760F4E00333277 /* IOSHelper.cpp */; };
		B2E421882100D93A006F18A2 /* SampleScene.cpp in Sources */ = {isa = PBXBuildFile; fileRef = B2E421872100D93A006F18A2 /* SampleScene.cpp */; };
		B2ED15A7225F83E7009A7C26 /* ScrollGroup.cpp in Sources */ = {isa = PBXBuildFile; fileRef = B2ED15A5225F83E7009A7C26 /* ScrollGroup.cpp */; };
/* End PBXBuildFile section */

/* Begin PBXFileReference section */
		B205EFF0228730440031B4B4 /* Screen.cpp */ = {isa = PBXFileReference; lastKnownFileType = sourcecode.cpp.cpp; path = Screen.cpp; sourceTree = "<group>"; };
		B205EFF1228730440031B4B4 /* Screen.h */ = {isa = PBXFileReference; lastKnownFileType = sourcecode.c.h; path = Screen.h; sourceTree = "<group>"; };
		B226B3A421CB75C800A3CFCF /* mogmalloc.h */ = {isa = PBXFileReference; fileEncoding = 4; lastKnownFileType = sourcecode.c.h; path = mogmalloc.h; sourceTree = "<group>"; };
		B2506FB11FFD073700237ECA /* JavaScriptCore.framework */ = {isa = PBXFileReference; lastKnownFileType = wrapper.framework; name = JavaScriptCore.framework; path = System/Library/Frameworks/JavaScriptCore.framework; sourceTree = SDKROOT; };
		B25501F71F6D809E00D1353A /* CoreText.framework */ = {isa = PBXFileReference; lastKnownFileType = wrapper.framework; name = CoreText.framework; path = System/Library/Frameworks/CoreText.framework; sourceTree = SDKROOT; };
		B26615671EF4FC9F004D1A1A /* GameKit.framework */ = {isa = PBXFileReference; lastKnownFileType = wrapper.framework; name = GameKit.framework; path = System/Library/Frameworks/GameKit.framework; sourceTree = SDKROOT; };
		B268127620FDF94300AC7AAB /* App.h */ = {isa = PBXFileReference; fileEncoding = 4; lastKnownFileType = sourcecode.c.h; path = App.h; sourceTree = "<group>"; };
		B268127720FDF94300AC7AAB /* App.cpp */ = {isa = PBXFileReference; fileEncoding = 4; lastKnownFileType = sourcecode.cpp.cpp; path = App.cpp; sourceTree = "<group>"; };
		B268127A20FDF94300AC7AAB /* mog_functions.h */ = {isa = PBXFileReference; fileEncoding = 4; lastKnownFileType = sourcecode.c.h; path = mog_functions.h; sourceTree = "<group>"; };
		B268127B20FDF94300AC7AAB /* Tween.h */ = {isa = PBXFileReference; fileEncoding = 4; lastKnownFileType = sourcecode.c.h; path = Tween.h; sourceTree = "<group>"; };
		B268127C20FDF94300AC7AAB /* Texture2D.h */ = {isa = PBXFileReference; fileEncoding = 4; lastKnownFileType = sourcecode.c.h; path = Texture2D.h; sourceTree = "<group>"; };
		B268127D20FDF94300AC7AAB /* plain_objects.h */ = {isa = PBXFileReference; fileEncoding = 4; lastKnownFileType = sourcecode.c.h; path = plain_objects.h; sourceTree = "<group>"; };
		B268127E20FDF94300AC7AAB /* Engine.h */ = {isa = PBXFileReference; fileEncoding = 4; lastKnownFileType = sourcecode.c.h; path = Engine.h; sourceTree = "<group>"; };
		B268127F20FDF94300AC7AAB /* Tween.cpp */ = {isa = PBXFileReference; fileEncoding = 4; lastKnownFileType = sourcecode.cpp.cpp; path = Tween.cpp; sourceTree = "<group>"; };
		B268128020FDF94300AC7AAB /* Shader.h */ = {isa = PBXFileReference; fileEncoding = 4; lastKnownFileType = sourcecode.c.h; path = Shader.h; sourceTree = "<group>"; };
		B268128120FDF94300AC7AAB /* Http.h */ = {isa = PBXFileReference; fileEncoding = 4; lastKnownFileType = sourcecode.c.h; path = Http.h; sourceTree = "<group>"; };
		B268128220FDF94300AC7AAB /* FileUtils.h */ = {isa = PBXFileReference; fileEncoding = 4; lastKnownFileType = sourcecode.c.h; path = FileUtils.h; sourceTree = "<group>"; };
		B268128320FDF94300AC7AAB /* PubSub.cpp */ = {isa = PBXFileReference; fileEncoding = 4; lastKnownFileType = sourcecode.cpp.cpp; path = PubSub.cpp; sourceTree = "<group>"; };
		B268128420FDF94300AC7AAB /* NativeClass.h */ = {isa = PBXFileReference; fileEncoding = 4; lastKnownFileType = sourcecode.c.h; path = NativeClass.h; sourceTree = "<group>"; };
		B268128520FDF94300AC7AAB /* MogStats.cpp */ = {isa = PBXFileReference; fileEncoding = 4; lastKnownFileType = sourcecode.cpp.cpp; path = MogStats.cpp; sourceTree = "<group>"; };
		B268128620FDF94300AC7AAB /* Data.h */ = {isa = PBXFileReference; fileEncoding = 4; lastKnownFileType = sourcecode.c.h; path = Data.h; sourceTree = "<group>"; };
		B268128720FDF94300AC7AAB /* KeyEvent.h */ = {isa = PBXFileReference; fileEncoding = 4; lastKnownFileType = sourcecode.c.h; path = KeyEvent.h; sourceTree = "<group>"; };
		B268128820FDF94300AC7AAB /* DataStore.h */ = {isa = PBXFileReference; fileEncoding = 4; lastKnownFileType = sourcecode.c.h; path = DataStore.h; sourceTree = "<group>"; };
		B268128920FDF94300AC7AAB /* MogUILoader.cpp */ = {isa = PBXFileReference; fileEncoding = 4; lastKnownFileType = sourcecode.cpp.cpp; path = MogUILoader.cpp; sourceTree = "<group>"; };
		B268128A20FDF94300AC7AAB /* Collision.h */ = {isa = PBXFileReference; fileEncoding = 4; lastKnownFileType = sourcecode.c.h; path = Collision.h; sourceTree = "<group>"; };
		B268128B20FDF94300AC7AAB /* FileUtils.cpp */ = {isa = PBXFileReference; fileEncoding = 4; lastKnownFileType = sourcecode.cpp.cpp; path = FileUtils.cpp; sourceTree = "<group>"; };
		B268128C20FDF94300AC7AAB /* Touch.h */ = {isa = PBXFileReference; fileEncoding = 4; lastKnownFileType = sourcecode.c.h; path = Touch.h; sourceTree = "<group>"; };
		B268128D20FDF94300AC7AAB /* Renderer.h */ = {isa = PBXFileReference; fileEncoding = 4; lastKnownFileType = sourcecode.c.h; path = Renderer.h; sourceTree = "<group>"; };
		B268128E20FDF94300AC7AAB /* PubSub.h */ = {isa = PBXFileReference; fileEncoding = 4; lastKnownFileType = sourcecode.c.h; path = PubSub.h; sourceTree = "<group>"; };
		B268128F20FDF94300AC7AAB /* AudioPlayer.h */ = {isa = PBXFileReference; fileEncoding = 4; lastKnownFileType = sourcecode.c.h; path = AudioPlayer.h; sourceTree = "<group>"; };
		B268129020FDF94300AC7AAB /* Data.cpp */ = {isa = PBXFileReference; fileEncoding = 4; lastKnownFileType = sourcecode.cpp.cpp; path = Data.cpp; sourceTree = "<group>"; };
		B268129120FDF94300AC7AAB /* Shader.cpp */ = {isa = PBXFileReference; fileEncoding = 4; lastKnownFileType = sourcecode.cpp.cpp; path = Shader.cpp; sourceTree = "<group>"; };
		B268129220FDF94300AC7AAB /* TouchInput.h */ = {isa = PBXFileReference; fileEncoding = 4; lastKnownFileType = sourcecode.c.h; path = TouchInput.h; sourceTree = "<group>"; };
		B268129320FDF94300AC7AAB /* DataStore.cpp */ = {isa = PBXFileReference; fileEncoding = 4; lastKnownFileType = sourcecode.cpp.cpp; path = DataStore.cpp; sourceTree = "<group>"; };
		B268129420FDF94300AC7AAB /* Transform.cpp */ = {isa = PBXFileReference; fileEncoding = 4; lastKnownFileType = sourcecode.cpp.cpp; path = Transform.cpp; sourceTree = "<group>"; };
		B268129520FDF94300AC7AAB /* Transform.h */ = {isa = PBXFileReference; fileEncoding = 4; lastKnownFileType = sourcecode.c.h; path = Transform.h; sourceTree = "<group>"; };
		B268129620FDF94300AC7AAB /* Http.cpp */ = {isa = PBXFileReference; fileEncoding = 4; lastKnownFileType = sourcecode.cpp.cpp; path = Http.cpp; sourceTree = "<group>"; };
		B268129720FDF94300AC7AAB /* Texture2D.cpp */ = {isa = PBXFileReference; fileEncoding = 4; lastKnownFileType = sourcecode.cpp.cpp; path = Texture2D.cpp; sourceTree = "<group>"; };
		B268129820FDF94300AC7AAB /* TextureAtlas.h */ = {isa = PBXFileReference; fileEncoding = 4; lastKnownFileType = sourcecode.c.h; path = TextureAtlas.h; sourceTree = "<group>"; };
		B268129920FDF94300AC7AAB /* TouchEventListener.cpp */ = {isa = PBXFileReference; fileEncoding = 4; lastKnownFileType = sourcecode.cpp.cpp; path = TouchEventListener.cpp; sourceTree = "<group>"; };
		B268129A20FDF94300AC7AAB /* Engine.cpp */ = {isa = PBXFileReference; fileEncoding = 4; lastKnownFileType = sourcecode.cpp.cpp; path = Engine.cpp; sourceTree = "<group>"; };
		B268129B20FDF94300AC7AAB /* TextureAtlas.cpp */ = {isa = PBXFileReference; fileEncoding = 4; lastKnownFileType = sourcecode.cpp.cpp; path = TextureAtlas.cpp; sourceTree = "<group>"; };
		B268129D20FDF94300AC7AAB /* MogUILoader.h */ = {isa = PBXFileReference; fileEncoding = 4; lastKnownFileType = sourcecode.c.h; path = MogUILoader.h; sourceTree = "<group>"; };
		B268129F20FDF94300AC7AAB /* Preference.cpp */ = {isa = PBXFileReference; fileEncoding = 4; lastKnownFileType = sourcecode.cpp.cpp; path = Preference.cpp; sourceTree = "<group>"; };
		B26812A020FDF94300AC7AAB /* AudioPlayer.cpp */ = {isa = PBXFileReference; fileEncoding = 4; lastKnownFileType = sourcecode.cpp.cpp; path = AudioPlayer.cpp; sourceTree = "<group>"; };
		B26812A120FDF94300AC7AAB /* Collision.cpp */ = {isa = PBXFileReference; fileEncoding = 4; lastKnownFileType = sourcecode.cpp.cpp; path = Collision.cpp; sourceTree = "<group>"; };
		B26812A220FDF94300AC7AAB /* MogStats.h */ = {isa = PBXFileReference; fileEncoding = 4; lastKnownFileType = sourcecode.c.h; path = MogStats.h; sourceTree = "<group>"; };
		B26812A320FDF94300AC7AAB /* plain_objects.cpp */ = {isa = PBXFileReference; fileEncoding = 4; lastKnownFileType = sourcecode.cpp.cpp; path = plain_objects.cpp; sourceTree = "<group>"; };
		B26812A420FDF94300AC7AAB /* Renderer.cpp */ = {isa = PBXFileReference; fileEncoding = 4; lastKnownFileType = sourcecode.cpp.cpp; path = Renderer.cpp; sourceTree = "<group>"; };
		B26812A520FDF94300AC7AAB /* Preference.h */ = {isa = PBXFileReference; fileEncoding = 4; lastKnownFileType = sourcecode.c.h; path = Preference.h; sourceTree = "<group>"; };
		B26812A620FDF94300AC7AAB /* mog_functions.cpp */ = {isa = PBXFileReference; fileEncoding = 4; lastKnownFileType = sourcecode.cpp.cpp; path = mog_functions.cpp; sourceTree = "<group>"; };
		B26812A720FDF94300AC7AAB /* TouchEventListener.h */ = {isa = PBXFileReference; fileEncoding = 4; lastKnownFileType = sourcecode.c.h; path = TouchEventListener.h; sourceTree = "<group>"; };
		B26812A920FDF94300AC7AAB /* plugins.h */ = {isa = PBXFileReference; fileEncoding = 4; lastKnownFileType = sourcecode.c.h; path = plugins.h; sourceTree = "<group>"; };
		B26812AB20FDF94300AC7AAB /* json.c */ = {isa = PBXFileReference; fileEncoding = 4; lastKnownFileType = sourcecode.c.c; path = json.c; sourceTree = "<group>"; };
		B26812AC20FDF94300AC7AAB /* aes.c */ = {isa = PBXFileReference; fileEncoding = 4; lastKnownFileType = sourcecode.c.c; path = aes.c; sourceTree = "<group>"; };
		B26812AE20FDF94300AC7AAB /* sha256.h */ = {isa = PBXFileReference; fileEncoding = 4; lastKnownFileType = sourcecode.c.h; path = sha256.h; sourceTree = "<group>"; };
		B26812AF20FDF94300AC7AAB /* stb_image.h */ = {isa = PBXFileReference; fileEncoding = 4; lastKnownFileType = sourcecode.c.h; path = stb_image.h; sourceTree = "<group>"; };
		B26812B020FDF94300AC7AAB /* aes.h */ = {isa = PBXFileReference; fileEncoding = 4; lastKnownFileType = sourcecode.c.h; path = aes.h; sourceTree = "<group>"; };
		B26812B120FDF94300AC7AAB /* json.h */ = {isa = PBXFileReference; fileEncoding = 4; lastKnownFileType = sourcecode.c.h; path = json.h; sourceTree = "<group>"; };
		B26812B220FDF94300AC7AAB /* sha256.cpp */ = {isa = PBXFileReference; fileEncoding = 4; lastKnownFileType = sourcecode.cpp.cpp; path = sha256.cpp; sourceTree = "<group>"; };
		B26812B420FDF94300AC7AAB /* Constants.h */ = {isa = PBXFileReference; fileEncoding = 4; lastKnownFileType = sourcecode.c.h; path = Constants.h; sourceTree = "<group>"; };
		B26812B520FDF94300AC7AAB /* mog.h */ = {isa = PBXFileReference; fileEncoding = 4; lastKnownFileType = sourcecode.c.h; path = mog.h; sourceTree = "<group>"; };
		B26812B720FDF94300AC7AAB /* RoundedRectangle.h */ = {isa = PBXFileReference; fileEncoding = 4; lastKnownFileType = sourcecode.c.h; path = RoundedRectangle.h; sourceTree = "<group>"; };
		B26812B820FDF94300AC7AAB /* Line.cpp */ = {isa = PBXFileReference; fileEncoding = 4; lastKnownFileType = sourcecode.cpp.cpp; path = Line.cpp; sourceTree = "<group>"; };
		B26812B920FDF94300AC7AAB /* Polygon.h */ = {isa = PBXFileReference; fileEncoding = 4; lastKnownFileType = sourcecode.c.h; path = Polygon.h; sourceTree = "<group>"; };
		B26812BA20FDF94300AC7AAB /* Label.h */ = {isa = PBXFileReference; fileEncoding = 4; lastKnownFileType = sourcecode.c.h; path = Label.h; sourceTree = "<group>"; };
		B26812BB20FDF94300AC7AAB /* SpriteSheet.cpp */ = {isa = PBXFileReference; fileEncoding = 4; lastKnownFileType = sourcecode.cpp.cpp; path = SpriteSheet.cpp; sourceTree = "<group>"; };
		B26812BC20FDF94300AC7AAB /* Drawable.h */ = {isa = PBXFileReference; fileEncoding = 4; lastKnownFileType = sourcecode.c.h; path = Drawable.h; sourceTree = "<group>"; };
		B26812BD20FDF94300AC7AAB /* Scene.cpp */ = {isa = PBXFileReference; fileEncoding = 4; lastKnownFileType = sourcecode.cpp.cpp; path = Scene.cpp; sourceTree = "<group>"; };
		B26812BE20FDF94300AC7AAB /* Circle.h */ = {isa = PBXFileReference; fileEncoding = 4; lastKnownFileType = sourcecode.c.h; path = Circle.h; sourceTree = "<group>"; };
		B26812BF20FDF94300AC7AAB /* Entity.cpp */ = {isa = PBXFileReference; fileEncoding = 4; lastKnownFileType = sourcecode.cpp.cpp; path = Entity.cpp; sourceTree = "<group>"; };
		B26812C020FDF94300AC7AAB /* AppBase.h */ = {isa = PBXFileReference; fileEncoding = 4; lastKnownFileType = sourcecode.c.h; path = AppBase.h; sourceTree = "<group>"; };
		B26812C120FDF94300AC7AAB /* Sprite.cpp */ = {isa = PBXFileReference; fileEncoding = 4; lastKnownFileType = sourcecode.cpp.cpp; path = Sprite.cpp; sourceTree = "<group>"; };
		B26812C220FDF94300AC7AAB /* Drawable.cpp */ = {isa = PBXFileReference; fileEncoding = 4; lastKnownFileType = sourcecode.cpp.cpp; path = Drawable.cpp; sourceTree = "<group>"; };
		B26812C320FDF94300AC7AAB /* Slice9Sprite.h */ = {isa = PBXFileReference; fileEncoding = 4; lastKnownFileType = sourcecode.c.h; path = Slice9Sprite.h; sourceTree = "<group>"; };
		B26812C420FDF94300AC7AAB /* Slice9Sprite.cpp */ = {isa = PBXFileReference; fileEncoding = 4; lastKnownFileType = sourcecode.cpp.cpp; path = Slice9Sprite.cpp; sourceTree = "<group>"; };
		B26812C520FDF94300AC7AAB /* Graphics.cpp */ = {isa = PBXFileReference; fileEncoding = 4; lastKnownFileType = sourcecode.cpp.cpp; path = Graphics.cpp; sourceTree = "<group>"; };
		B26812C620FDF94300AC7AAB /* Label.cpp */ = {isa = PBXFileReference; fileEncoding = 4; lastKnownFileType = sourcecode.cpp.cpp; path = Label.cpp; sourceTree = "<group>"; };
		B26812C720FDF94300AC7AAB /* Sprite.h */ = {isa = PBXFileReference; fileEncoding = 4; lastKnownFileType = sourcecode.c.h; path = Sprite.h; sourceTree = "<group>"; };
		B26812C820FDF94300AC7AAB /* Group.h */ = {isa = PBXFileReference; fileEncoding = 4; lastKnownFileType = sourcecode.c.h; path = Group.h; sourceTree = "<group>"; };
		B26812CA20FDF94300AC7AAB /* Entity.h */ = {isa = PBXFileReference; fileEncoding = 4; lastKnownFileType = sourcecode.c.h; path = Entity.h; sourceTree = "<group>"; };
		B26812CB20FDF94300AC7AAB /* Polygon.cpp */ = {isa = PBXFileReference; fileEncoding = 4; lastKnownFileType = sourcecode.cpp.cpp; path = Polygon.cpp; sourceTree = "<group>"; };
		B26812CC20FDF94300AC7AAB /* Rectangle.cpp */ = {isa = PBXFileReference; fileEncoding = 4; lastKnownFileType = sourcecode.cpp.cpp; path = Rectangle.cpp; sourceTree = "<group>"; };
		B26812CD20FDF94300AC7AAB /* Circle.cpp */ = {isa = PBXFileReference; fileEncoding = 4; lastKnownFileType = sourcecode.cpp.cpp; path = Circle.cpp; sourceTree = "<group>"; };
		B26812CF20FDF94300AC7AAB /* Line.h */ = {isa = PBXFileReference; fileEncoding = 4; lastKnownFileType = sourcecode.c.h; path = Line.h; sourceTree = "<group>"; };
		B26812D020FDF94300AC7AAB /* SpriteSheet.h */ = {isa = PBXFileReference; fileEncoding = 4; lastKnownFileType = sourcecode.c.h; path = SpriteSheet.h; sourceTree = "<group>"; };
		B26812D120FDF94300AC7AAB /* DrawableGroup.cpp */ = {isa = PBXFileReference; fileEncoding = 4; lastKnownFileType = sourcecode.cpp.cpp; path = DrawableGroup.cpp; sourceTree = "<group>"; };
		B26812D220FDF94300AC7AAB /* Graphics.h */ = {isa = PBXFileReference; fileEncoding = 4; lastKnownFileType = sourcecode.c.h; path = Graphics.h; sourceTree = "<group>"; };
		B26812D320FDF94300AC7AAB /* Rectangle.h */ = {isa = PBXFileReference; fileEncoding = 4; lastKnownFileType = sourcecode.c.h; path = Rectangle.h; sourceTree = "<group>"; };
		B26812D420FDF94300AC7AAB /* AppBase.cpp */ = {isa = PBXFileReference; fileEncoding = 4; lastKnownFileType = sourcecode.cpp.cpp; path = AppBase.cpp; sourceTree = "<group>"; };
		B26812D520FDF94300AC7AAB /* Group.cpp */ = {isa = PBXFileReference; fileEncoding = 4; lastKnownFileType = sourcecode.cpp.cpp; path = Group.cpp; sourceTree = "<group>"; };
		B26812D620FDF94300AC7AAB /* RoundedRectangle.cpp */ = {isa = PBXFileReference; fileEncoding = 4; lastKnownFileType = sourcecode.cpp.cpp; path = RoundedRectangle.cpp; sourceTree = "<group>"; };
		B26812D720FDF94300AC7AAB /* DrawableGroup.h */ = {isa = PBXFileReference; fileEncoding = 4; lastKnownFileType = sourcecode.c.h; path = DrawableGroup.h; sourceTree = "<group>"; };
		B26812D820FDF94300AC7AAB /* Scene.h */ = {isa = PBXFileReference; fileEncoding = 4; lastKnownFileType = sourcecode.c.h; path = Scene.h; sourceTree = "<group>"; };
		B26812DB20FDF94300AC7AAB /* ConstantsNative.h */ = {isa = PBXFileReference; fileEncoding = 4; lastKnownFileType = sourcecode.c.h; path = ConstantsNative.h; sourceTree = "<group>"; };
		B26812DD20FDF94300AC7AAB /* PreferenceNative.h */ = {isa = PBXFileReference; fileEncoding = 4; lastKnownFileType = sourcecode.c.h; path = PreferenceNative.h; sourceTree = "<group>"; };
		B26812DE20FDF94300AC7AAB /* Texture2DNative.h */ = {isa = PBXFileReference; fileEncoding = 4; lastKnownFileType = sourcecode.c.h; path = Texture2DNative.h; sourceTree = "<group>"; };
		B26812DF20FDF94300AC7AAB /* PreferenceNative.mm */ = {isa = PBXFileReference; fileEncoding = 4; lastKnownFileType = sourcecode.cpp.objcpp; path = PreferenceNative.mm; sourceTree = "<group>"; };
		B26812E020FDF94300AC7AAB /* Texture2DNative.mm */ = {isa = PBXFileReference; fileEncoding = 4; lastKnownFileType = sourcecode.cpp.objcpp; path = Texture2DNative.mm; sourceTree = "<group>"; };
		B26812E220FDF94300AC7AAB /* opengl.h */ = {isa = PBXFileReference; fileEncoding = 4; lastKnownFileType = sourcecode.c.h; path = opengl.h; sourceTree = "<group>"; };
		B26812E320FDF94300AC7AAB /* FileUtilsNative.mm */ = {isa = PBXFileReference; fileEncoding = 4; lastKnownFileType = sourcecode.cpp.objcpp; path = FileUtilsNative.mm; sourceTree = "<group>"; };
		B26812E420FDF94300AC7AAB /* mog_functions_native.mm */ = {isa = PBXFileReference; fileEncoding = 4; lastKnownFileType = sourcecode.cpp.objcpp; path = mog_functions_native.mm; sourceTree = "<group>"; };
		B26812E520FDF94300AC7AAB /* HttpNative.h */ = {isa = PBXFileReference; fileEncoding = 4; lastKnownFileType = sourcecode.c.h; path = HttpNative.h; sourceTree = "<group>"; };
		B26812E620FDF94300AC7AAB /* mog_functions_native.h */ = {isa = PBXFileReference; fileEncoding = 4; lastKnownFileType = sourcecode.c.h; path = mog_functions_native.h; sourceTree = "<group>"; };
		B26812E720FDF94300AC7AAB /* NativeClass.mm */ = {isa = PBXFileReference; fileEncoding = 4; lastKnownFileType = sourcecode.cpp.objcpp; path = NativeClass.mm; sourceTree = "<group>"; };
		B26812E820FDF94300AC7AAB /* HttpNative.mm */ = {isa = PBXFileReference; fileEncoding = 4; lastKnownFileType = sourcecode.cpp.objcpp; path = HttpNative.mm; sourceTree = "<group>"; };
		B26812E920FDF94300AC7AAB /* FileUtilsNative.h */ = {isa = PBXFileReference; fileEncoding = 4; lastKnownFileType = sourcecode.c.h; path = FileUtilsNative.h; sourceTree = "<group>"; };
		B26812EB20FDF94300AC7AAB /* AudioPlayerNative.h */ = {isa = PBXFileReference; fileEncoding = 4; lastKnownFileType = sourcecode.c.h; path = AudioPlayerNative.h; sourceTree = "<group>"; };
		B26812EC20FDF94300AC7AAB /* AudioPlayerNative.mm */ = {isa = PBXFileReference; fileEncoding = 4; lastKnownFileType = sourcecode.cpp.objcpp; path = AudioPlayerNative.mm; sourceTree = "<group>"; };
		B26812EF20FDF94300AC7AAB /* stb_vorbis.h */ = {isa = PBXFileReference; fileEncoding = 4; lastKnownFileType = sourcecode.c.h; path = stb_vorbis.h; sourceTree = "<group>"; };
		B26812F120FDF94300AC7AAB /* MogView.h */ = {isa = PBXFileReference; fileEncoding = 4; lastKnownFileType = sourcecode.c.h; path = MogView.h; sourceTree = "<group>"; };
		B26812F220FDF94300AC7AAB /* MogAppDelegate.m */ = {isa = PBXFileReference; fileEncoding = 4; lastKnownFileType = sourcecode.c.objc; path = MogAppDelegate.m; sourceTree = "<group>"; };
		B26812F320FDF94300AC7AAB /* MogViewController.h */ = {isa = PBXFileReference; fileEncoding = 4; lastKnownFileType = sourcecode.c.h; path = MogViewController.h; sourceTree = "<group>"; };
		B26812F420FDF94300AC7AAB /* MogEngineController.h */ = {isa = PBXFileReference; fileEncoding = 4; lastKnownFileType = sourcecode.c.h; path = MogEngineController.h; sourceTree = "<group>"; };
		B26812F520FDF94300AC7AAB /* MogEngineController.mm */ = {isa = PBXFileReference; fileEncoding = 4; lastKnownFileType = sourcecode.cpp.objcpp; path = MogEngineController.mm; sourceTree = "<group>"; };
		B26812F620FDF94300AC7AAB /* MogView.m */ = {isa = PBXFileReference; fileEncoding = 4; lastKnownFileType = sourcecode.c.objc; path = MogView.m; sourceTree = "<group>"; };
		B26812F720FDF94300AC7AAB /* MogAppDelegate.h */ = {isa = PBXFileReference; fileEncoding = 4; lastKnownFileType = sourcecode.c.h; path = MogAppDelegate.h; sourceTree = "<group>"; };
		B26812F820FDF94300AC7AAB /* MogTouchEventDelegate.h */ = {isa = PBXFileReference; fileEncoding = 4; lastKnownFileType = sourcecode.c.h; path = MogTouchEventDelegate.h; sourceTree = "<group>"; };
		B26812F920FDF94300AC7AAB /* MogViewController.m */ = {isa = PBXFileReference; fileEncoding = 4; lastKnownFileType = sourcecode.c.objc; path = MogViewController.m; sourceTree = "<group>"; };
		B27A7ECB224B6431006FFE8D /* TiledSprite.h */ = {isa = PBXFileReference; fileEncoding = 4; lastKnownFileType = sourcecode.c.h; path = TiledSprite.h; sourceTree = "<group>"; };
		B27A7ECC224B6431006FFE8D /* TiledSprite.cpp */ = {isa = PBXFileReference; fileEncoding = 4; lastKnownFileType = sourcecode.cpp.cpp; path = TiledSprite.cpp; sourceTree = "<group>"; };
		B2A101721ED713DD00A2EB8A /* Mog2d-iOS.app */ = {isa = PBXFileReference; explicitFileType = wrapper.application; includeInIndex = 0; path = "Mog2d-iOS.app"; sourceTree = BUILT_PRODUCTS_DIR; };
		B2A101761ED713DD00A2EB8A /* main.m */ = {isa = PBXFileReference; lastKnownFileType = sourcecode.c.objc; path = main.m; sourceTree = "<group>"; };
		B2A101811ED713DD00A2EB8A /* Assets.xcassets */ = {isa = PBXFileReference; lastKnownFileType = folder.assetcatalog; path = Assets.xcassets; sourceTree = "<group>"; };
		B2A101841ED713DD00A2EB8A /* Base */ = {isa = PBXFileReference; lastKnownFileType = file.storyboard; name = Base; path = Base.lproj/LaunchScreen.storyboard; sourceTree = "<group>"; };
		B2A101861ED713DD00A2EB8A /* Info.plist */ = {isa = PBXFileReference; lastKnownFileType = text.plist.xml; path = Info.plist; sourceTree = "<group>"; };
		B2A103311ED7154000A2EB8A /* assets */ = {isa = PBXFileReference; lastKnownFileType = folder; name = assets; path = ../../assets; sourceTree = "<group>"; };
		B2A1033A1ED716BB00A2EB8A /* libz.tbd */ = {isa = PBXFileReference; lastKnownFileType = "sourcecode.text-based-dylib-definition"; name = libz.tbd; path = usr/lib/libz.tbd; sourceTree = SDKROOT; };
		B2A1033C1ED716C200A2EB8A /* SafariServices.framework */ = {isa = PBXFileReference; lastKnownFileType = wrapper.framework; name = SafariServices.framework; path = System/Library/Frameworks/SafariServices.framework; sourceTree = SDKROOT; };
		B2A1033E1ED716C600A2EB8A /* StoreKit.framework */ = {isa = PBXFileReference; lastKnownFileType = wrapper.framework; name = StoreKit.framework; path = System/Library/Frameworks/StoreKit.framework; sourceTree = SDKROOT; };
		B2A103401ED716D100A2EB8A /* OpenAL.framework */ = {isa = PBXFileReference; lastKnownFileType = wrapper.framework; name = OpenAL.framework; path = System/Library/Frameworks/OpenAL.framework; sourceTree = SDKROOT; };
		B2A103421ED716DA00A2EB8A /* AudioUnit.framework */ = {isa = PBXFileReference; lastKnownFileType = wrapper.framework; name = AudioUnit.framework; path = System/Library/Frameworks/AudioUnit.framework; sourceTree = SDKROOT; };
		B2A103441ED7170200A2EB8A /* AudioToolbox.framework */ = {isa = PBXFileReference; lastKnownFileType = wrapper.framework; name = AudioToolbox.framework; path = System/Library/Frameworks/AudioToolbox.framework; sourceTree = SDKROOT; };
		B2A1034A1ED725BD00A2EB8A /* QuartzCore.framework */ = {isa = PBXFileReference; lastKnownFileType = wrapper.framework; name = QuartzCore.framework; path = System/Library/Frameworks/QuartzCore.framework; sourceTree = SDKROOT; };
		B2B4730A1F0E79930043D501 /* assets_ios */ = {isa = PBXFileReference; lastKnownFileType = folder; name = assets_ios; path = ../../assets_ios; sourceTree = "<group>"; };
		B2D989B322760F4E00333277 /* IOSHelper.h */ = {isa = PBXFileReference; fileEncoding = 4; lastKnownFileType = sourcecode.c.h; path = IOSHelper.h; sourceTree = "<group>"; };
		B2D989B422760F4E00333277 /* IOSHelper.cpp */ = {isa = PBXFileReference; fileEncoding = 4; lastKnownFileType = sourcecode.cpp.cpp; path = IOSHelper.cpp; sourceTree = "<group>"; };
		B2E421852100D66C006F18A2 /* SampleScene.h */ = {isa = PBXFileReference; lastKnownFileType = sourcecode.c.h; path = SampleScene.h; sourceTree = "<group>"; };
		B2E421872100D93A006F18A2 /* SampleScene.cpp */ = {isa = PBXFileReference; fileEncoding = 4; lastKnownFileType = sourcecode.cpp.cpp; path = SampleScene.cpp; sourceTree = "<group>"; };
		B2ED15A5225F83E7009A7C26 /* ScrollGroup.cpp */ = {isa = PBXFileReference; lastKnownFileType = sourcecode.cpp.cpp; path = ScrollGroup.cpp; sourceTree = "<group>"; };
		B2ED15A6225F83E7009A7C26 /* ScrollGroup.h */ = {isa = PBXFileReference; lastKnownFileType = sourcecode.c.h; path = ScrollGroup.h; sourceTree = "<group>"; };
/* End PBXFileReference section */

/* Begin PBXFrameworksBuildPhase section */
		B2A1016F1ED713DD00A2EB8A /* Frameworks */ = {
			isa = PBXFrameworksBuildPhase;
			buildActionMask = 2147483647;
			files = (
				B2506FB21FFD073700237ECA /* JavaScriptCore.framework in Frameworks */,
				B254E0D31F360B16008DD68C /* AudioToolbox.framework in Frameworks */,
				B2A103411ED716D100A2EB8A /* OpenAL.framework in Frameworks */,
			);
			runOnlyForDeploymentPostprocessing = 0;
		};
/* End PBXFrameworksBuildPhase section */

/* Begin PBXGroup section */
		B268127420FDF94300AC7AAB /* sources */ = {
			isa = PBXGroup;
			children = (
				B268127520FDF94300AC7AAB /* app */,
				B268127820FDF94300AC7AAB /* mog */,
			);
			name = sources;
			path = ../../sources;
			sourceTree = "<group>";
		};
		B268127520FDF94300AC7AAB /* app */ = {
			isa = PBXGroup;
			children = (
				B268127620FDF94300AC7AAB /* App.h */,
				B268127720FDF94300AC7AAB /* App.cpp */,
				B2E421852100D66C006F18A2 /* SampleScene.h */,
				B2E421872100D93A006F18A2 /* SampleScene.cpp */,
			);
			path = app;
			sourceTree = "<group>";
		};
		B268127820FDF94300AC7AAB /* mog */ = {
			isa = PBXGroup;
			children = (
				B268127920FDF94300AC7AAB /* core */,
				B26812B620FDF94300AC7AAB /* base */,
				B26812A820FDF94300AC7AAB /* plugins */,
				B26812AA20FDF94300AC7AAB /* libs */,
				B26812B420FDF94300AC7AAB /* Constants.h */,
				B26812B520FDF94300AC7AAB /* mog.h */,
			);
			path = mog;
			sourceTree = "<group>";
		};
		B268127920FDF94300AC7AAB /* core */ = {
			isa = PBXGroup;
			children = (
				B226B3A421CB75C800A3CFCF /* mogmalloc.h */,
				B26812A020FDF94300AC7AAB /* AudioPlayer.cpp */,
				B268128F20FDF94300AC7AAB /* AudioPlayer.h */,
				B26812A120FDF94300AC7AAB /* Collision.cpp */,
				B268128A20FDF94300AC7AAB /* Collision.h */,
				B268129020FDF94300AC7AAB /* Data.cpp */,
				B268128620FDF94300AC7AAB /* Data.h */,
				B268129320FDF94300AC7AAB /* DataStore.cpp */,
				B268128820FDF94300AC7AAB /* DataStore.h */,
				B268129A20FDF94300AC7AAB /* Engine.cpp */,
				B268127E20FDF94300AC7AAB /* Engine.h */,
				B268128B20FDF94300AC7AAB /* FileUtils.cpp */,
				B268128220FDF94300AC7AAB /* FileUtils.h */,
				B268129620FDF94300AC7AAB /* Http.cpp */,
				B268128120FDF94300AC7AAB /* Http.h */,
				B268128720FDF94300AC7AAB /* KeyEvent.h */,
				B26812A620FDF94300AC7AAB /* mog_functions.cpp */,
				B268127A20FDF94300AC7AAB /* mog_functions.h */,
				B268128520FDF94300AC7AAB /* MogStats.cpp */,
				B26812A220FDF94300AC7AAB /* MogStats.h */,
				B268128920FDF94300AC7AAB /* MogUILoader.cpp */,
				B268129D20FDF94300AC7AAB /* MogUILoader.h */,
				B268128420FDF94300AC7AAB /* NativeClass.h */,
				B26812A320FDF94300AC7AAB /* plain_objects.cpp */,
				B268127D20FDF94300AC7AAB /* plain_objects.h */,
				B268129F20FDF94300AC7AAB /* Preference.cpp */,
				B26812A520FDF94300AC7AAB /* Preference.h */,
				B268128320FDF94300AC7AAB /* PubSub.cpp */,
				B268128E20FDF94300AC7AAB /* PubSub.h */,
				B26812A420FDF94300AC7AAB /* Renderer.cpp */,
				B268128D20FDF94300AC7AAB /* Renderer.h */,
				B268129120FDF94300AC7AAB /* Shader.cpp */,
				B268128020FDF94300AC7AAB /* Shader.h */,
				B268129720FDF94300AC7AAB /* Texture2D.cpp */,
				B268127C20FDF94300AC7AAB /* Texture2D.h */,
				B268129B20FDF94300AC7AAB /* TextureAtlas.cpp */,
				B268129820FDF94300AC7AAB /* TextureAtlas.h */,
				B268128C20FDF94300AC7AAB /* Touch.h */,
				B268129920FDF94300AC7AAB /* TouchEventListener.cpp */,
				B26812A720FDF94300AC7AAB /* TouchEventListener.h */,
				B268129220FDF94300AC7AAB /* TouchInput.h */,
				B268129420FDF94300AC7AAB /* Transform.cpp */,
				B268129520FDF94300AC7AAB /* Transform.h */,
				B268127F20FDF94300AC7AAB /* Tween.cpp */,
				B268127B20FDF94300AC7AAB /* Tween.h */,
				B205EFF0228730440031B4B4 /* Screen.cpp */,
				B205EFF1228730440031B4B4 /* Screen.h */,
			);
			path = core;
			sourceTree = "<group>";
		};
		B26812A820FDF94300AC7AAB /* plugins */ = {
			isa = PBXGroup;
			children = (
				B26812A920FDF94300AC7AAB /* plugins.h */,
			);
			path = plugins;
			sourceTree = "<group>";
		};
		B26812AA20FDF94300AC7AAB /* libs */ = {
			isa = PBXGroup;
			children = (
				B26812AC20FDF94300AC7AAB /* aes.c */,
				B26812B020FDF94300AC7AAB /* aes.h */,
				B26812AB20FDF94300AC7AAB /* json.c */,
				B26812B120FDF94300AC7AAB /* json.h */,
				B26812B220FDF94300AC7AAB /* sha256.cpp */,
				B26812AE20FDF94300AC7AAB /* sha256.h */,
				B26812AF20FDF94300AC7AAB /* stb_image.h */,
			);
			path = libs;
			sourceTree = "<group>";
		};
		B26812B620FDF94300AC7AAB /* base */ = {
			isa = PBXGroup;
			children = (
				B27A7ECC224B6431006FFE8D /* TiledSprite.cpp */,
				B27A7ECB224B6431006FFE8D /* TiledSprite.h */,
				B26812D420FDF94300AC7AAB /* AppBase.cpp */,
				B26812C020FDF94300AC7AAB /* AppBase.h */,
				B26812CD20FDF94300AC7AAB /* Circle.cpp */,
				B26812BE20FDF94300AC7AAB /* Circle.h */,
				B26812C220FDF94300AC7AAB /* Drawable.cpp */,
				B26812BC20FDF94300AC7AAB /* Drawable.h */,
				B26812D120FDF94300AC7AAB /* DrawableGroup.cpp */,
				B26812D720FDF94300AC7AAB /* DrawableGroup.h */,
				B26812BF20FDF94300AC7AAB /* Entity.cpp */,
				B26812CA20FDF94300AC7AAB /* Entity.h */,
				B26812C520FDF94300AC7AAB /* Graphics.cpp */,
				B26812D220FDF94300AC7AAB /* Graphics.h */,
				B26812D520FDF94300AC7AAB /* Group.cpp */,
				B26812C820FDF94300AC7AAB /* Group.h */,
				B26812C620FDF94300AC7AAB /* Label.cpp */,
				B26812BA20FDF94300AC7AAB /* Label.h */,
				B26812B820FDF94300AC7AAB /* Line.cpp */,
				B26812CF20FDF94300AC7AAB /* Line.h */,
				B26812CB20FDF94300AC7AAB /* Polygon.cpp */,
				B26812B920FDF94300AC7AAB /* Polygon.h */,
				B26812CC20FDF94300AC7AAB /* Rectangle.cpp */,
				B26812D320FDF94300AC7AAB /* Rectangle.h */,
				B26812D620FDF94300AC7AAB /* RoundedRectangle.cpp */,
				B26812B720FDF94300AC7AAB /* RoundedRectangle.h */,
				B26812BD20FDF94300AC7AAB /* Scene.cpp */,
				B26812D820FDF94300AC7AAB /* Scene.h */,
				B26812C420FDF94300AC7AAB /* Slice9Sprite.cpp */,
				B26812C320FDF94300AC7AAB /* Slice9Sprite.h */,
				B26812C120FDF94300AC7AAB /* Sprite.cpp */,
				B26812C720FDF94300AC7AAB /* Sprite.h */,
				B26812BB20FDF94300AC7AAB /* SpriteSheet.cpp */,
				B26812D020FDF94300AC7AAB /* SpriteSheet.h */,
				B2ED15A5225F83E7009A7C26 /* ScrollGroup.cpp */,
				B2ED15A6225F83E7009A7C26 /* ScrollGroup.h */,
			);
			path = base;
			sourceTree = "<group>";
		};
		B26812D920FDF94300AC7AAB /* sources_ios */ = {
			isa = PBXGroup;
			children = (
				B26812DA20FDF94300AC7AAB /* mog */,
			);
			name = sources_ios;
			path = ../../sources_ios;
			sourceTree = "<group>";
		};
		B26812DA20FDF94300AC7AAB /* mog */ = {
			isa = PBXGroup;
			children = (
				B26812DB20FDF94300AC7AAB /* ConstantsNative.h */,
				B26812DC20FDF94300AC7AAB /* core */,
				B26812ED20FDF94300AC7AAB /* plugins */,
				B26812EE20FDF94300AC7AAB /* libs */,
				B26812F020FDF94300AC7AAB /* os */,
			);
			path = mog;
			sourceTree = "<group>";
		};
		B26812DC20FDF94300AC7AAB /* core */ = {
			isa = PBXGroup;
			children = (
				B26812DD20FDF94300AC7AAB /* PreferenceNative.h */,
				B26812DE20FDF94300AC7AAB /* Texture2DNative.h */,
				B26812DF20FDF94300AC7AAB /* PreferenceNative.mm */,
				B26812E020FDF94300AC7AAB /* Texture2DNative.mm */,
				B26812E220FDF94300AC7AAB /* opengl.h */,
				B26812E320FDF94300AC7AAB /* FileUtilsNative.mm */,
				B26812E420FDF94300AC7AAB /* mog_functions_native.mm */,
				B26812E520FDF94300AC7AAB /* HttpNative.h */,
				B26812E620FDF94300AC7AAB /* mog_functions_native.h */,
				B26812E720FDF94300AC7AAB /* NativeClass.mm */,
				B26812E820FDF94300AC7AAB /* HttpNative.mm */,
				B26812E920FDF94300AC7AAB /* FileUtilsNative.h */,
				B26812EB20FDF94300AC7AAB /* AudioPlayerNative.h */,
				B26812EC20FDF94300AC7AAB /* AudioPlayerNative.mm */,
			);
			path = core;
			sourceTree = "<group>";
		};
		B26812ED20FDF94300AC7AAB /* plugins */ = {
			isa = PBXGroup;
			children = (
			);
			path = plugins;
			sourceTree = "<group>";
		};
		B26812EE20FDF94300AC7AAB /* libs */ = {
			isa = PBXGroup;
			children = (
				B26812EF20FDF94300AC7AAB /* stb_vorbis.h */,
			);
			path = libs;
			sourceTree = "<group>";
		};
		B26812F020FDF94300AC7AAB /* os */ = {
			isa = PBXGroup;
			children = (
				B2D989B422760F4E00333277 /* IOSHelper.cpp */,
				B2D989B322760F4E00333277 /* IOSHelper.h */,
				B26812F120FDF94300AC7AAB /* MogView.h */,
				B26812F220FDF94300AC7AAB /* MogAppDelegate.m */,
				B26812F320FDF94300AC7AAB /* MogViewController.h */,
				B26812F420FDF94300AC7AAB /* MogEngineController.h */,
				B26812F520FDF94300AC7AAB /* MogEngineController.mm */,
				B26812F620FDF94300AC7AAB /* MogView.m */,
				B26812F720FDF94300AC7AAB /* MogAppDelegate.h */,
				B26812F820FDF94300AC7AAB /* MogTouchEventDelegate.h */,
				B26812F920FDF94300AC7AAB /* MogViewController.m */,
			);
			path = os;
			sourceTree = "<group>";
		};
		B2A101691ED713DC00A2EB8A = {
			isa = PBXGroup;
			children = (
				B2A101741ED713DD00A2EB8A /* Mog2d-iOS */,
				B2A101731ED713DD00A2EB8A /* Products */,
				B2A103391ED716BB00A2EB8A /* Frameworks */,
			);
			sourceTree = "<group>";
		};
		B2A101731ED713DD00A2EB8A /* Products */ = {
			isa = PBXGroup;
			children = (
				B2A101721ED713DD00A2EB8A /* Mog2d-iOS.app */,
			);
			name = Products;
			sourceTree = "<group>";
		};
		B2A101741ED713DD00A2EB8A /* Mog2d-iOS */ = {
			isa = PBXGroup;
			children = (
				B268127420FDF94300AC7AAB /* sources */,
				B26812D920FDF94300AC7AAB /* sources_ios */,
				B2A103311ED7154000A2EB8A /* assets */,
				B2B4730A1F0E79930043D501 /* assets_ios */,
				B2A101811ED713DD00A2EB8A /* Assets.xcassets */,
				B2A101831ED713DD00A2EB8A /* LaunchScreen.storyboard */,
				B2A101861ED713DD00A2EB8A /* Info.plist */,
				B2A101751ED713DD00A2EB8A /* Supporting Files */,
			);
			path = "Mog2d-iOS";
			sourceTree = "<group>";
		};
		B2A101751ED713DD00A2EB8A /* Supporting Files */ = {
			isa = PBXGroup;
			children = (
				B2A101761ED713DD00A2EB8A /* main.m */,
			);
			name = "Supporting Files";
			sourceTree = "<group>";
		};
		B2A103391ED716BB00A2EB8A /* Frameworks */ = {
			isa = PBXGroup;
			children = (
				B2506FB11FFD073700237ECA /* JavaScriptCore.framework */,
				B25501F71F6D809E00D1353A /* CoreText.framework */,
				B26615671EF4FC9F004D1A1A /* GameKit.framework */,
				B2A1034A1ED725BD00A2EB8A /* QuartzCore.framework */,
				B2A103441ED7170200A2EB8A /* AudioToolbox.framework */,
				B2A103421ED716DA00A2EB8A /* AudioUnit.framework */,
				B2A103401ED716D100A2EB8A /* OpenAL.framework */,
				B2A1033E1ED716C600A2EB8A /* StoreKit.framework */,
				B2A1033C1ED716C200A2EB8A /* SafariServices.framework */,
				B2A1033A1ED716BB00A2EB8A /* libz.tbd */,
			);
			name = Frameworks;
			sourceTree = "<group>";
		};
/* End PBXGroup section */

/* Begin PBXNativeTarget section */
		B2A101711ED713DD00A2EB8A /* Mog2d-iOS */ = {
			isa = PBXNativeTarget;
			buildConfigurationList = B2A101891ED713DD00A2EB8A /* Build configuration list for PBXNativeTarget "Mog2d-iOS" */;
			buildPhases = (
				B2A1016E1ED713DD00A2EB8A /* Sources */,
				B2A1016F1ED713DD00A2EB8A /* Frameworks */,
				B2A101701ED713DD00A2EB8A /* Resources */,
			);
			buildRules = (
			);
			dependencies = (
			);
			name = "Mog2d-iOS";
			productName = "Mog2d-iOS";
			productReference = B2A101721ED713DD00A2EB8A /* Mog2d-iOS.app */;
			productType = "com.apple.product-type.application";
		};
/* End PBXNativeTarget section */

/* Begin PBXProject section */
		B2A1016A1ED713DC00A2EB8A /* Project object */ = {
			isa = PBXProject;
			attributes = {
				LastUpgradeCheck = 0830;
				ORGANIZATIONNAME = mog2d;
				TargetAttributes = {
					B2A101711ED713DD00A2EB8A = {
						CreatedOnToolsVersion = 8.3.2;
						DevelopmentTeam = AE855DM39N;
						ProvisioningStyle = Automatic;
					};
				};
			};
			buildConfigurationList = B2A1016D1ED713DC00A2EB8A /* Build configuration list for PBXProject "Mog2d-iOS" */;
			compatibilityVersion = "Xcode 3.2";
			developmentRegion = English;
			hasScannedForEncodings = 0;
			knownRegions = (
				English,
				en,
				Base,
			);
			mainGroup = B2A101691ED713DC00A2EB8A;
			productRefGroup = B2A101731ED713DD00A2EB8A /* Products */;
			projectDirPath = "";
			projectRoot = "";
			targets = (
				B2A101711ED713DD00A2EB8A /* Mog2d-iOS */,
			);
		};
/* End PBXProject section */

/* Begin PBXResourcesBuildPhase section */
		B2A101701ED713DD00A2EB8A /* Resources */ = {
			isa = PBXResourcesBuildPhase;
			buildActionMask = 2147483647;
			files = (
				B2A103321ED7154000A2EB8A /* assets in Resources */,
				B2A101851ED713DD00A2EB8A /* LaunchScreen.storyboard in Resources */,
				B2A101821ED713DD00A2EB8A /* Assets.xcassets in Resources */,
				B2B4730B1F0E79930043D501 /* assets_ios in Resources */,
			);
			runOnlyForDeploymentPostprocessing = 0;
		};
/* End PBXResourcesBuildPhase section */

/* Begin PBXSourcesBuildPhase section */
		B2A1016E1ED713DD00A2EB8A /* Sources */ = {
			isa = PBXSourcesBuildPhase;
			buildActionMask = 2147483647;
			files = (
				B268130D20FDF94300AC7AAB /* plain_objects.cpp in Sources */,
				B268131420FDF94300AC7AAB /* Line.cpp in Sources */,
				B26812FE20FDF94300AC7AAB /* MogUILoader.cpp in Sources */,
				B268132720FDF94400AC7AAB /* FileUtilsNative.mm in Sources */,
				B268131920FDF94300AC7AAB /* Drawable.cpp in Sources */,
				B268131520FDF94300AC7AAB /* SpriteSheet.cpp in Sources */,
				B268130220FDF94300AC7AAB /* DataStore.cpp in Sources */,
				B268130120FDF94300AC7AAB /* Shader.cpp in Sources */,
				B268131320FDF94300AC7AAB /* sha256.cpp in Sources */,
				B27A7ECD224B6432006FFE8D /* TiledSprite.cpp in Sources */,
				B268131F20FDF94300AC7AAB /* Rectangle.cpp in Sources */,
				B268130E20FDF94300AC7AAB /* Renderer.cpp in Sources */,
				B268132D20FDF94400AC7AAB /* MogAppDelegate.m in Sources */,
				B268132F20FDF94400AC7AAB /* MogView.m in Sources */,
				B26812FC20FDF94300AC7AAB /* PubSub.cpp in Sources */,
				B268132520FDF94400AC7AAB /* PreferenceNative.mm in Sources */,
				B268133020FDF94400AC7AAB /* MogViewController.m in Sources */,
				B268130720FDF94300AC7AAB /* Engine.cpp in Sources */,
				B268130620FDF94300AC7AAB /* TouchEventListener.cpp in Sources */,
				B268132320FDF94400AC7AAB /* Group.cpp in Sources */,
				B268132620FDF94400AC7AAB /* Texture2DNative.mm in Sources */,
				B268131A20FDF94300AC7AAB /* Slice9Sprite.cpp in Sources */,
				B26812FD20FDF94300AC7AAB /* MogStats.cpp in Sources */,
				B2E421882100D93A006F18A2 /* SampleScene.cpp in Sources */,
				B268130B20FDF94300AC7AAB /* AudioPlayer.cpp in Sources */,
				B2ED15A7225F83E7009A7C26 /* ScrollGroup.cpp in Sources */,
				B268130820FDF94300AC7AAB /* TextureAtlas.cpp in Sources */,
				B268130020FDF94300AC7AAB /* Data.cpp in Sources */,
				B268131C20FDF94300AC7AAB /* Label.cpp in Sources */,
				B268132020FDF94300AC7AAB /* Circle.cpp in Sources */,
				B268132420FDF94400AC7AAB /* RoundedRectangle.cpp in Sources */,
				B268130520FDF94300AC7AAB /* Texture2D.cpp in Sources */,
				B268131820FDF94300AC7AAB /* Sprite.cpp in Sources */,
				B268132920FDF94400AC7AAB /* NativeClass.mm in Sources */,
				B268131620FDF94300AC7AAB /* Scene.cpp in Sources */,
				B268131E20FDF94300AC7AAB /* Polygon.cpp in Sources */,
				B268132820FDF94400AC7AAB /* mog_functions_native.mm in Sources */,
				B268132C20FDF94400AC7AAB /* AudioPlayerNative.mm in Sources */,
				B205EFF2228730440031B4B4 /* Screen.cpp in Sources */,
				B268132120FDF94400AC7AAB /* DrawableGroup.cpp in Sources */,
				B268130320FDF94300AC7AAB /* Transform.cpp in Sources */,
				B268130A20FDF94300AC7AAB /* Preference.cpp in Sources */,
				B268130C20FDF94300AC7AAB /* Collision.cpp in Sources */,
				B268131020FDF94300AC7AAB /* json.c in Sources */,
				B268132220FDF94400AC7AAB /* AppBase.cpp in Sources */,
				B268131720FDF94300AC7AAB /* Entity.cpp in Sources */,
				B268131120FDF94300AC7AAB /* aes.c in Sources */,
				B26812FF20FDF94300AC7AAB /* FileUtils.cpp in Sources */,
				B26812FB20FDF94300AC7AAB /* Tween.cpp in Sources */,
				B268130420FDF94300AC7AAB /* Http.cpp in Sources */,
				B268132E20FDF94400AC7AAB /* MogEngineController.mm in Sources */,
				B2A101771ED713DD00A2EB8A /* main.m in Sources */,
				B268132A20FDF94400AC7AAB /* HttpNative.mm in Sources */,
				B26812FA20FDF94300AC7AAB /* App.cpp in Sources */,
				B268131B20FDF94300AC7AAB /* Graphics.cpp in Sources */,
				B268130F20FDF94300AC7AAB /* mog_functions.cpp in Sources */,
				B2D989B522760F4E00333277 /* IOSHelper.cpp in Sources */,
			);
			runOnlyForDeploymentPostprocessing = 0;
		};
/* End PBXSourcesBuildPhase section */

/* Begin PBXVariantGroup section */
		B2A101831ED713DD00A2EB8A /* LaunchScreen.storyboard */ = {
			isa = PBXVariantGroup;
			children = (
				B2A101841ED713DD00A2EB8A /* Base */,
			);
			name = LaunchScreen.storyboard;
			sourceTree = "<group>";
		};
/* End PBXVariantGroup section */

/* Begin XCBuildConfiguration section */
		B2A101871ED713DD00A2EB8A /* Debug */ = {
			isa = XCBuildConfiguration;
			buildSettings = {
				ALWAYS_SEARCH_USER_PATHS = NO;
				CLANG_ANALYZER_NONNULL = YES;
				CLANG_ANALYZER_NUMBER_OBJECT_CONVERSION = YES_AGGRESSIVE;
				CLANG_CXX_LANGUAGE_STANDARD = "gnu++0x";
				CLANG_CXX_LIBRARY = "libc++";
				CLANG_ENABLE_MODULES = YES;
				CLANG_ENABLE_OBJC_ARC = YES;
				CLANG_WARN_BOOL_CONVERSION = YES;
				CLANG_WARN_CONSTANT_CONVERSION = YES;
				CLANG_WARN_DIRECT_OBJC_ISA_USAGE = YES_ERROR;
				CLANG_WARN_DOCUMENTATION_COMMENTS = YES;
				CLANG_WARN_EMPTY_BODY = YES;
				CLANG_WARN_ENUM_CONVERSION = YES;
				CLANG_WARN_INFINITE_RECURSION = YES;
				CLANG_WARN_INT_CONVERSION = YES;
				CLANG_WARN_OBJC_ROOT_CLASS = YES_ERROR;
				CLANG_WARN_SUSPICIOUS_MOVE = YES;
				CLANG_WARN_UNREACHABLE_CODE = YES;
				CLANG_WARN__DUPLICATE_METHOD_MATCH = YES;
				"CODE_SIGN_IDENTITY[sdk=iphoneos*]" = "iPhone Developer";
				COPY_PHASE_STRIP = NO;
				DEBUG_INFORMATION_FORMAT = dwarf;
				ENABLE_STRICT_OBJC_MSGSEND = YES;
				ENABLE_TESTABILITY = YES;
				GCC_C_LANGUAGE_STANDARD = gnu99;
				GCC_DYNAMIC_NO_PIC = NO;
				GCC_NO_COMMON_BLOCKS = YES;
				GCC_OPTIMIZATION_LEVEL = 0;
				GCC_PREPROCESSOR_DEFINITIONS = (
					"$(inherited)",
					"DEBUG=1",
					MOG_DEBUG,
					MOG_IOS,
				);
				GCC_WARN_64_TO_32_BIT_CONVERSION = YES;
				GCC_WARN_ABOUT_RETURN_TYPE = YES_ERROR;
				GCC_WARN_UNDECLARED_SELECTOR = YES;
				GCC_WARN_UNINITIALIZED_AUTOS = YES_AGGRESSIVE;
				GCC_WARN_UNUSED_FUNCTION = YES;
				GCC_WARN_UNUSED_VARIABLE = YES;
				IPHONEOS_DEPLOYMENT_TARGET = 9.3;
				MTL_ENABLE_DEBUG_INFO = YES;
				ONLY_ACTIVE_ARCH = YES;
				SDKROOT = iphoneos;
				TARGETED_DEVICE_FAMILY = "1,2";
			};
			name = Debug;
		};
		B2A101881ED713DD00A2EB8A /* Release */ = {
			isa = XCBuildConfiguration;
			buildSettings = {
				ALWAYS_SEARCH_USER_PATHS = NO;
				CLANG_ANALYZER_NONNULL = YES;
				CLANG_ANALYZER_NUMBER_OBJECT_CONVERSION = YES_AGGRESSIVE;
				CLANG_CXX_LANGUAGE_STANDARD = "gnu++0x";
				CLANG_CXX_LIBRARY = "libc++";
				CLANG_ENABLE_MODULES = YES;
				CLANG_ENABLE_OBJC_ARC = YES;
				CLANG_WARN_BOOL_CONVERSION = YES;
				CLANG_WARN_CONSTANT_CONVERSION = YES;
				CLANG_WARN_DIRECT_OBJC_ISA_USAGE = YES_ERROR;
				CLANG_WARN_DOCUMENTATION_COMMENTS = YES;
				CLANG_WARN_EMPTY_BODY = YES;
				CLANG_WARN_ENUM_CONVERSION = YES;
				CLANG_WARN_INFINITE_RECURSION = YES;
				CLANG_WARN_INT_CONVERSION = YES;
				CLANG_WARN_OBJC_ROOT_CLASS = YES_ERROR;
				CLANG_WARN_SUSPICIOUS_MOVE = YES;
				CLANG_WARN_UNREACHABLE_CODE = YES;
				CLANG_WARN__DUPLICATE_METHOD_MATCH = YES;
				"CODE_SIGN_IDENTITY[sdk=iphoneos*]" = "iPhone Developer";
				COPY_PHASE_STRIP = NO;
				DEBUG_INFORMATION_FORMAT = "dwarf-with-dsym";
				ENABLE_NS_ASSERTIONS = NO;
				ENABLE_STRICT_OBJC_MSGSEND = YES;
				GCC_C_LANGUAGE_STANDARD = gnu99;
				GCC_NO_COMMON_BLOCKS = YES;
				GCC_PREPROCESSOR_DEFINITIONS = (
					"$(inherited)",
					MOG_IOS,
				);
				GCC_WARN_64_TO_32_BIT_CONVERSION = YES;
				GCC_WARN_ABOUT_RETURN_TYPE = YES_ERROR;
				GCC_WARN_UNDECLARED_SELECTOR = YES;
				GCC_WARN_UNINITIALIZED_AUTOS = YES_AGGRESSIVE;
				GCC_WARN_UNUSED_FUNCTION = YES;
				GCC_WARN_UNUSED_VARIABLE = YES;
				IPHONEOS_DEPLOYMENT_TARGET = 9.3;
				MTL_ENABLE_DEBUG_INFO = NO;
				SDKROOT = iphoneos;
				TARGETED_DEVICE_FAMILY = "1,2";
				VALIDATE_PRODUCT = YES;
			};
			name = Release;
		};
		B2A1018A1ED713DD00A2EB8A /* Debug */ = {
			isa = XCBuildConfiguration;
			buildSettings = {
				ASSETCATALOG_COMPILER_APPICON_NAME = AppIcon;
				DEVELOPMENT_TEAM = AE855DM39N;
				HEADER_SEARCH_PATHS = (
					"$(inherited)",
					"${SRCROOT}/../sources",
					"${SRCROOT}/../sources_ios",
				);
				INFOPLIST_FILE = "Mog2d-iOS/Info.plist";
				LD_RUNPATH_SEARCH_PATHS = "$(inherited) @executable_path/Frameworks";
				PRODUCT_BUNDLE_IDENTIFIER = org.mog2d.ios;
				PRODUCT_NAME = "$(TARGET_NAME)";
			};
			name = Debug;
		};
		B2A1018B1ED713DD00A2EB8A /* Release */ = {
			isa = XCBuildConfiguration;
			buildSettings = {
				ASSETCATALOG_COMPILER_APPICON_NAME = AppIcon;
				DEVELOPMENT_TEAM = AE855DM39N;
				HEADER_SEARCH_PATHS = (
					"$(inherited)",
					"${SRCROOT}/../sources",
					"${SRCROOT}/../sources_ios",
				);
				INFOPLIST_FILE = "Mog2d-iOS/Info.plist";
				LD_RUNPATH_SEARCH_PATHS = "$(inherited) @executable_path/Frameworks";
				PRODUCT_BUNDLE_IDENTIFIER = org.mog2d.ios;
				PRODUCT_NAME = "$(TARGET_NAME)";
			};
			name = Release;
		};
/* End XCBuildConfiguration section */

/* Begin XCConfigurationList section */
		B2A1016D1ED713DC00A2EB8A /* Build configuration list for PBXProject "Mog2d-iOS" */ = {
			isa = XCConfigurationList;
			buildConfigurations = (
				B2A101871ED713DD00A2EB8A /* Debug */,
				B2A101881ED713DD00A2EB8A /* Release */,
			);
			defaultConfigurationIsVisible = 0;
			defaultConfigurationName = Release;
		};
		B2A101891ED713DD00A2EB8A /* Build configuration list for PBXNativeTarget "Mog2d-iOS" */ = {
			isa = XCConfigurationList;
			buildConfigurations = (
				B2A1018A1ED713DD00A2EB8A /* Debug */,
				B2A1018B1ED713DD00A2EB8A /* Release */,
			);
			defaultConfigurationIsVisible = 0;
			defaultConfigurationName = Release;
		};
/* End XCConfigurationList section */
	};
	rootObject = B2A1016A1ED713DC00A2EB8A /* Project object */;
}
