// !$*UTF8*$!
{
	archiveVersion = 1;
	classes = {
	};
	objectVersion = 46;
	objects = {

/* Begin PBXBuildFile section */
		B204DA9320DFF29B0026267A /* MogAppDelegate.m in Sources */ = {isa = PBXBuildFile; fileRef = B204D9FC20DFF29B0026267A /* MogAppDelegate.m */; };
		B204DA9520DFF29B0026267A /* MogEngineController.mm in Sources */ = {isa = PBXBuildFile; fileRef = B204DA0020DFF29B0026267A /* MogEngineController.mm */; };
		B204DA9620DFF29B0026267A /* MogView.m in Sources */ = {isa = PBXBuildFile; fileRef = B204DA0120DFF29B0026267A /* MogView.m */; };
		B204DA9720DFF29B0026267A /* MogViewController.m in Sources */ = {isa = PBXBuildFile; fileRef = B204DA0520DFF29B0026267A /* MogViewController.m */; };
		B204DA9920DFF29B0026267A /* App.cpp in Sources */ = {isa = PBXBuildFile; fileRef = B204DA0B20DFF29B0026267A /* App.cpp */; };
		B204DC2A20E5D07F0026267A /* Line.cpp in Sources */ = {isa = PBXBuildFile; fileRef = B204DBC920E5D07D0026267A /* Line.cpp */; };
		B204DC2B20E5D07F0026267A /* SpriteSheet.cpp in Sources */ = {isa = PBXBuildFile; fileRef = B204DBCC20E5D07D0026267A /* SpriteSheet.cpp */; };
		B204DC2C20E5D07F0026267A /* Scene.cpp in Sources */ = {isa = PBXBuildFile; fileRef = B204DBCE20E5D07D0026267A /* Scene.cpp */; };
		B204DC2D20E5D07F0026267A /* Entity.cpp in Sources */ = {isa = PBXBuildFile; fileRef = B204DBD020E5D07D0026267A /* Entity.cpp */; };
		B204DC2E20E5D07F0026267A /* Sprite.cpp in Sources */ = {isa = PBXBuildFile; fileRef = B204DBD220E5D07D0026267A /* Sprite.cpp */; };
		B204DC2F20E5D07F0026267A /* Drawable.cpp in Sources */ = {isa = PBXBuildFile; fileRef = B204DBD320E5D07D0026267A /* Drawable.cpp */; };
		B204DC3020E5D07F0026267A /* Slice9Sprite.cpp in Sources */ = {isa = PBXBuildFile; fileRef = B204DBD520E5D07D0026267A /* Slice9Sprite.cpp */; };
		B204DC3120E5D07F0026267A /* Graphics.cpp in Sources */ = {isa = PBXBuildFile; fileRef = B204DBD620E5D07D0026267A /* Graphics.cpp */; };
		B204DC3220E5D07F0026267A /* Label.cpp in Sources */ = {isa = PBXBuildFile; fileRef = B204DBD720E5D07D0026267A /* Label.cpp */; };
		B204DC3320E5D07F0026267A /* Triangle.cpp in Sources */ = {isa = PBXBuildFile; fileRef = B204DBDA20E5D07D0026267A /* Triangle.cpp */; };
		B204DC3420E5D07F0026267A /* Polygon.cpp in Sources */ = {isa = PBXBuildFile; fileRef = B204DBDC20E5D07D0026267A /* Polygon.cpp */; };
		B204DC3520E5D07F0026267A /* Rectangle.cpp in Sources */ = {isa = PBXBuildFile; fileRef = B204DBDD20E5D07D0026267A /* Rectangle.cpp */; };
		B204DC3620E5D07F0026267A /* Circle.cpp in Sources */ = {isa = PBXBuildFile; fileRef = B204DBDE20E5D07D0026267A /* Circle.cpp */; };
		B204DC3720E5D07F0026267A /* DrawableGroup.cpp in Sources */ = {isa = PBXBuildFile; fileRef = B204DBE220E5D07D0026267A /* DrawableGroup.cpp */; };
		B204DC3820E5D07F0026267A /* AppBase.cpp in Sources */ = {isa = PBXBuildFile; fileRef = B204DBE520E5D07D0026267A /* AppBase.cpp */; };
		B204DC3920E5D07F0026267A /* Group.cpp in Sources */ = {isa = PBXBuildFile; fileRef = B204DBE620E5D07D0026267A /* Group.cpp */; };
		B204DC3A20E5D07F0026267A /* RoundedRectangle.cpp in Sources */ = {isa = PBXBuildFile; fileRef = B204DBE720E5D07D0026267A /* RoundedRectangle.cpp */; };
		B204DC3B20E5D07F0026267A /* Tween.cpp in Sources */ = {isa = PBXBuildFile; fileRef = B204DBF120E5D07E0026267A /* Tween.cpp */; };
		B204DC3C20E5D07F0026267A /* PubSub.cpp in Sources */ = {isa = PBXBuildFile; fileRef = B204DBF520E5D07E0026267A /* PubSub.cpp */; };
		B204DC3D20E5D07F0026267A /* MogStats.cpp in Sources */ = {isa = PBXBuildFile; fileRef = B204DBF720E5D07E0026267A /* MogStats.cpp */; };
		B204DC3E20E5D07F0026267A /* MogUILoader.cpp in Sources */ = {isa = PBXBuildFile; fileRef = B204DBFB20E5D07E0026267A /* MogUILoader.cpp */; };
		B204DC4020E5D07F0026267A /* FileUtils.cpp in Sources */ = {isa = PBXBuildFile; fileRef = B204DBFE20E5D07E0026267A /* FileUtils.cpp */; };
		B204DC4120E5D07F0026267A /* Data.cpp in Sources */ = {isa = PBXBuildFile; fileRef = B204DC0320E5D07E0026267A /* Data.cpp */; };
		B204DC4220E5D07F0026267A /* Shader.cpp in Sources */ = {isa = PBXBuildFile; fileRef = B204DC0420E5D07E0026267A /* Shader.cpp */; };
		B204DC4320E5D07F0026267A /* DataStore.cpp in Sources */ = {isa = PBXBuildFile; fileRef = B204DC0620E5D07E0026267A /* DataStore.cpp */; };
		B204DC4420E5D07F0026267A /* Transform.cpp in Sources */ = {isa = PBXBuildFile; fileRef = B204DC0720E5D07E0026267A /* Transform.cpp */; };
		B204DC4520E5D07F0026267A /* Http.cpp in Sources */ = {isa = PBXBuildFile; fileRef = B204DC0A20E5D07E0026267A /* Http.cpp */; };
		B204DC4620E5D07F0026267A /* Texture2D.cpp in Sources */ = {isa = PBXBuildFile; fileRef = B204DC0B20E5D07E0026267A /* Texture2D.cpp */; };
		B204DC4720E5D07F0026267A /* TouchEventListener.cpp in Sources */ = {isa = PBXBuildFile; fileRef = B204DC0D20E5D07E0026267A /* TouchEventListener.cpp */; };
		B204DC4820E5D07F0026267A /* Engine.cpp in Sources */ = {isa = PBXBuildFile; fileRef = B204DC0E20E5D07E0026267A /* Engine.cpp */; };
		B204DC4920E5D07F0026267A /* TextureAtlas.cpp in Sources */ = {isa = PBXBuildFile; fileRef = B204DC0F20E5D07E0026267A /* TextureAtlas.cpp */; };
		B204DC4A20E5D07F0026267A /* Density.cpp in Sources */ = {isa = PBXBuildFile; fileRef = B204DC1220E5D07E0026267A /* Density.cpp */; };
		B204DC4B20E5D07F0026267A /* Preference.cpp in Sources */ = {isa = PBXBuildFile; fileRef = B204DC1320E5D07E0026267A /* Preference.cpp */; };
		B204DC4C20E5D07F0026267A /* AudioPlayer.cpp in Sources */ = {isa = PBXBuildFile; fileRef = B204DC1420E5D07E0026267A /* AudioPlayer.cpp */; };
		B204DC4D20E5D07F0026267A /* Collision.cpp in Sources */ = {isa = PBXBuildFile; fileRef = B204DC1520E5D07E0026267A /* Collision.cpp */; };
		B204DC4E20E5D07F0026267A /* plain_objects.cpp in Sources */ = {isa = PBXBuildFile; fileRef = B204DC1720E5D07E0026267A /* plain_objects.cpp */; };
		B204DC4F20E5D07F0026267A /* Renderer.cpp in Sources */ = {isa = PBXBuildFile; fileRef = B204DC1820E5D07E0026267A /* Renderer.cpp */; };
		B204DC5020E5D07F0026267A /* mog_functions.cpp in Sources */ = {isa = PBXBuildFile; fileRef = B204DC1A20E5D07E0026267A /* mog_functions.cpp */; };
		B204DC5120E5D07F0026267A /* json.c in Sources */ = {isa = PBXBuildFile; fileRef = B204DC1D20E5D07E0026267A /* json.c */; };
		B204DC5220E5D07F0026267A /* aes.c in Sources */ = {isa = PBXBuildFile; fileRef = B204DC1E20E5D07E0026267A /* aes.c */; };
		B204DC5520E5D07F0026267A /* sha256.cpp in Sources */ = {isa = PBXBuildFile; fileRef = B204DC2620E5D07E0026267A /* sha256.cpp */; };
		B204DC6520E5D0B90026267A /* PreferenceNative.mm in Sources */ = {isa = PBXBuildFile; fileRef = B204DC5920E5D0B80026267A /* PreferenceNative.mm */; };
		B204DC6620E5D0B90026267A /* Texture2DNative.mm in Sources */ = {isa = PBXBuildFile; fileRef = B204DC5A20E5D0B80026267A /* Texture2DNative.mm */; };
		B204DC6720E5D0B90026267A /* FileUtilsNative.mm in Sources */ = {isa = PBXBuildFile; fileRef = B204DC5D20E5D0B90026267A /* FileUtilsNative.mm */; };
		B204DC6820E5D0B90026267A /* mog_functions_native.mm in Sources */ = {isa = PBXBuildFile; fileRef = B204DC5E20E5D0B90026267A /* mog_functions_native.mm */; };
		B204DC6920E5D0B90026267A /* NativeClass.mm in Sources */ = {isa = PBXBuildFile; fileRef = B204DC6020E5D0B90026267A /* NativeClass.mm */; settings = {COMPILER_FLAGS = "-fno-objc-arc"; }; };
		B204DC6A20E5D0B90026267A /* Device.mm in Sources */ = {isa = PBXBuildFile; fileRef = B204DC6220E5D0B90026267A /* Device.mm */; };
		B204DC6B20E5D0B90026267A /* AudioPlayerNative.mm in Sources */ = {isa = PBXBuildFile; fileRef = B204DC6420E5D0B90026267A /* AudioPlayerNative.mm */; };
		B204DD4D20E6889C0026267A /* rpmalloc.c in Sources */ = {isa = PBXBuildFile; fileRef = B204DD4C20E6889C0026267A /* rpmalloc.c */; };
		B2506FB21FFD073700237ECA /* JavaScriptCore.framework in Frameworks */ = {isa = PBXBuildFile; fileRef = B2506FB11FFD073700237ECA /* JavaScriptCore.framework */; };
		B254E0D31F360B16008DD68C /* AudioToolbox.framework in Frameworks */ = {isa = PBXBuildFile; fileRef = B2A103441ED7170200A2EB8A /* AudioToolbox.framework */; };
		B25BFF7020E914EA00A975F3 /* HttpNative.mm in Sources */ = {isa = PBXBuildFile; fileRef = B25BFF6E20E914EA00A975F3 /* HttpNative.mm */; };
		B2A101771ED713DD00A2EB8A /* main.m in Sources */ = {isa = PBXBuildFile; fileRef = B2A101761ED713DD00A2EB8A /* main.m */; };
		B2A101821ED713DD00A2EB8A /* Assets.xcassets in Resources */ = {isa = PBXBuildFile; fileRef = B2A101811ED713DD00A2EB8A /* Assets.xcassets */; };
		B2A101851ED713DD00A2EB8A /* LaunchScreen.storyboard in Resources */ = {isa = PBXBuildFile; fileRef = B2A101831ED713DD00A2EB8A /* LaunchScreen.storyboard */; };
		B2A103321ED7154000A2EB8A /* assets in Resources */ = {isa = PBXBuildFile; fileRef = B2A103311ED7154000A2EB8A /* assets */; };
		B2A103411ED716D100A2EB8A /* OpenAL.framework in Frameworks */ = {isa = PBXBuildFile; fileRef = B2A103401ED716D100A2EB8A /* OpenAL.framework */; };
		B2B4730B1F0E79930043D501 /* assets_ios in Resources */ = {isa = PBXBuildFile; fileRef = B2B4730A1F0E79930043D501 /* assets_ios */; };
/* End PBXBuildFile section */

/* Begin PBXFileReference section */
		B204D9DB20DFF29A0026267A /* ConstantsNative.h */ = {isa = PBXFileReference; fileEncoding = 4; lastKnownFileType = sourcecode.c.h; path = ConstantsNative.h; sourceTree = "<group>"; };
		B204D9F920DFF29A0026267A /* stb_vorbis.h */ = {isa = PBXFileReference; fileEncoding = 4; lastKnownFileType = sourcecode.c.h; path = stb_vorbis.h; sourceTree = "<group>"; };
		B204D9FB20DFF29A0026267A /* MogView.h */ = {isa = PBXFileReference; fileEncoding = 4; lastKnownFileType = sourcecode.c.h; path = MogView.h; sourceTree = "<group>"; };
		B204D9FC20DFF29B0026267A /* MogAppDelegate.m */ = {isa = PBXFileReference; fileEncoding = 4; lastKnownFileType = sourcecode.c.objc; path = MogAppDelegate.m; sourceTree = "<group>"; };
		B204D9FE20DFF29B0026267A /* MogViewController.h */ = {isa = PBXFileReference; fileEncoding = 4; lastKnownFileType = sourcecode.c.h; path = MogViewController.h; sourceTree = "<group>"; };
		B204D9FF20DFF29B0026267A /* MogEngineController.h */ = {isa = PBXFileReference; fileEncoding = 4; lastKnownFileType = sourcecode.c.h; path = MogEngineController.h; sourceTree = "<group>"; };
		B204DA0020DFF29B0026267A /* MogEngineController.mm */ = {isa = PBXFileReference; fileEncoding = 4; lastKnownFileType = sourcecode.cpp.objcpp; path = MogEngineController.mm; sourceTree = "<group>"; };
		B204DA0120DFF29B0026267A /* MogView.m */ = {isa = PBXFileReference; fileEncoding = 4; lastKnownFileType = sourcecode.c.objc; path = MogView.m; sourceTree = "<group>"; };
		B204DA0320DFF29B0026267A /* MogAppDelegate.h */ = {isa = PBXFileReference; fileEncoding = 4; lastKnownFileType = sourcecode.c.h; path = MogAppDelegate.h; sourceTree = "<group>"; };
		B204DA0420DFF29B0026267A /* MogTouchEventDelegate.h */ = {isa = PBXFileReference; fileEncoding = 4; lastKnownFileType = sourcecode.c.h; path = MogTouchEventDelegate.h; sourceTree = "<group>"; };
		B204DA0520DFF29B0026267A /* MogViewController.m */ = {isa = PBXFileReference; fileEncoding = 4; lastKnownFileType = sourcecode.c.objc; path = MogViewController.m; sourceTree = "<group>"; };
		B204DA0920DFF29B0026267A /* App.h */ = {isa = PBXFileReference; fileEncoding = 4; lastKnownFileType = sourcecode.c.h; path = App.h; sourceTree = "<group>"; };
		B204DA0B20DFF29B0026267A /* App.cpp */ = {isa = PBXFileReference; fileEncoding = 4; lastKnownFileType = sourcecode.cpp.cpp; path = App.cpp; sourceTree = "<group>"; };
		B204DBC620E5D07D0026267A /* Constants.h */ = {isa = PBXFileReference; fileEncoding = 4; lastKnownFileType = sourcecode.c.h; path = Constants.h; sourceTree = "<group>"; };
		B204DBC820E5D07D0026267A /* RoundedRectangle.h */ = {isa = PBXFileReference; fileEncoding = 4; lastKnownFileType = sourcecode.c.h; path = RoundedRectangle.h; sourceTree = "<group>"; };
		B204DBC920E5D07D0026267A /* Line.cpp */ = {isa = PBXFileReference; fileEncoding = 4; lastKnownFileType = sourcecode.cpp.cpp; path = Line.cpp; sourceTree = "<group>"; };
		B204DBCA20E5D07D0026267A /* Polygon.h */ = {isa = PBXFileReference; fileEncoding = 4; lastKnownFileType = sourcecode.c.h; path = Polygon.h; sourceTree = "<group>"; };
		B204DBCB20E5D07D0026267A /* Label.h */ = {isa = PBXFileReference; fileEncoding = 4; lastKnownFileType = sourcecode.c.h; path = Label.h; sourceTree = "<group>"; };
		B204DBCC20E5D07D0026267A /* SpriteSheet.cpp */ = {isa = PBXFileReference; fileEncoding = 4; lastKnownFileType = sourcecode.cpp.cpp; path = SpriteSheet.cpp; sourceTree = "<group>"; };
		B204DBCD20E5D07D0026267A /* Drawable.h */ = {isa = PBXFileReference; fileEncoding = 4; lastKnownFileType = sourcecode.c.h; path = Drawable.h; sourceTree = "<group>"; };
		B204DBCE20E5D07D0026267A /* Scene.cpp */ = {isa = PBXFileReference; fileEncoding = 4; lastKnownFileType = sourcecode.cpp.cpp; path = Scene.cpp; sourceTree = "<group>"; };
		B204DBCF20E5D07D0026267A /* Circle.h */ = {isa = PBXFileReference; fileEncoding = 4; lastKnownFileType = sourcecode.c.h; path = Circle.h; sourceTree = "<group>"; };
		B204DBD020E5D07D0026267A /* Entity.cpp */ = {isa = PBXFileReference; fileEncoding = 4; lastKnownFileType = sourcecode.cpp.cpp; path = Entity.cpp; sourceTree = "<group>"; };
		B204DBD120E5D07D0026267A /* AppBase.h */ = {isa = PBXFileReference; fileEncoding = 4; lastKnownFileType = sourcecode.c.h; path = AppBase.h; sourceTree = "<group>"; };
		B204DBD220E5D07D0026267A /* Sprite.cpp */ = {isa = PBXFileReference; fileEncoding = 4; lastKnownFileType = sourcecode.cpp.cpp; path = Sprite.cpp; sourceTree = "<group>"; };
		B204DBD320E5D07D0026267A /* Drawable.cpp */ = {isa = PBXFileReference; fileEncoding = 4; lastKnownFileType = sourcecode.cpp.cpp; path = Drawable.cpp; sourceTree = "<group>"; };
		B204DBD420E5D07D0026267A /* Slice9Sprite.h */ = {isa = PBXFileReference; fileEncoding = 4; lastKnownFileType = sourcecode.c.h; path = Slice9Sprite.h; sourceTree = "<group>"; };
		B204DBD520E5D07D0026267A /* Slice9Sprite.cpp */ = {isa = PBXFileReference; fileEncoding = 4; lastKnownFileType = sourcecode.cpp.cpp; path = Slice9Sprite.cpp; sourceTree = "<group>"; };
		B204DBD620E5D07D0026267A /* Graphics.cpp */ = {isa = PBXFileReference; fileEncoding = 4; lastKnownFileType = sourcecode.cpp.cpp; path = Graphics.cpp; sourceTree = "<group>"; };
		B204DBD720E5D07D0026267A /* Label.cpp */ = {isa = PBXFileReference; fileEncoding = 4; lastKnownFileType = sourcecode.cpp.cpp; path = Label.cpp; sourceTree = "<group>"; };
		B204DBD820E5D07D0026267A /* Sprite.h */ = {isa = PBXFileReference; fileEncoding = 4; lastKnownFileType = sourcecode.c.h; path = Sprite.h; sourceTree = "<group>"; };
		B204DBD920E5D07D0026267A /* Group.h */ = {isa = PBXFileReference; fileEncoding = 4; lastKnownFileType = sourcecode.c.h; path = Group.h; sourceTree = "<group>"; };
		B204DBDA20E5D07D0026267A /* Triangle.cpp */ = {isa = PBXFileReference; fileEncoding = 4; lastKnownFileType = sourcecode.cpp.cpp; path = Triangle.cpp; sourceTree = "<group>"; };
		B204DBDB20E5D07D0026267A /* Entity.h */ = {isa = PBXFileReference; fileEncoding = 4; lastKnownFileType = sourcecode.c.h; path = Entity.h; sourceTree = "<group>"; };
		B204DBDC20E5D07D0026267A /* Polygon.cpp */ = {isa = PBXFileReference; fileEncoding = 4; lastKnownFileType = sourcecode.cpp.cpp; path = Polygon.cpp; sourceTree = "<group>"; };
		B204DBDD20E5D07D0026267A /* Rectangle.cpp */ = {isa = PBXFileReference; fileEncoding = 4; lastKnownFileType = sourcecode.cpp.cpp; path = Rectangle.cpp; sourceTree = "<group>"; };
		B204DBDE20E5D07D0026267A /* Circle.cpp */ = {isa = PBXFileReference; fileEncoding = 4; lastKnownFileType = sourcecode.cpp.cpp; path = Circle.cpp; sourceTree = "<group>"; };
		B204DBDF20E5D07D0026267A /* Triangle.h */ = {isa = PBXFileReference; fileEncoding = 4; lastKnownFileType = sourcecode.c.h; path = Triangle.h; sourceTree = "<group>"; };
		B204DBE020E5D07D0026267A /* Line.h */ = {isa = PBXFileReference; fileEncoding = 4; lastKnownFileType = sourcecode.c.h; path = Line.h; sourceTree = "<group>"; };
		B204DBE120E5D07D0026267A /* SpriteSheet.h */ = {isa = PBXFileReference; fileEncoding = 4; lastKnownFileType = sourcecode.c.h; path = SpriteSheet.h; sourceTree = "<group>"; };
		B204DBE220E5D07D0026267A /* DrawableGroup.cpp */ = {isa = PBXFileReference; fileEncoding = 4; lastKnownFileType = sourcecode.cpp.cpp; path = DrawableGroup.cpp; sourceTree = "<group>"; };
		B204DBE320E5D07D0026267A /* Graphics.h */ = {isa = PBXFileReference; fileEncoding = 4; lastKnownFileType = sourcecode.c.h; path = Graphics.h; sourceTree = "<group>"; };
		B204DBE420E5D07D0026267A /* Rectangle.h */ = {isa = PBXFileReference; fileEncoding = 4; lastKnownFileType = sourcecode.c.h; path = Rectangle.h; sourceTree = "<group>"; };
		B204DBE520E5D07D0026267A /* AppBase.cpp */ = {isa = PBXFileReference; fileEncoding = 4; lastKnownFileType = sourcecode.cpp.cpp; path = AppBase.cpp; sourceTree = "<group>"; };
		B204DBE620E5D07D0026267A /* Group.cpp */ = {isa = PBXFileReference; fileEncoding = 4; lastKnownFileType = sourcecode.cpp.cpp; path = Group.cpp; sourceTree = "<group>"; };
		B204DBE720E5D07D0026267A /* RoundedRectangle.cpp */ = {isa = PBXFileReference; fileEncoding = 4; lastKnownFileType = sourcecode.cpp.cpp; path = RoundedRectangle.cpp; sourceTree = "<group>"; };
		B204DBE820E5D07D0026267A /* DrawableGroup.h */ = {isa = PBXFileReference; fileEncoding = 4; lastKnownFileType = sourcecode.c.h; path = DrawableGroup.h; sourceTree = "<group>"; };
		B204DBE920E5D07D0026267A /* Scene.h */ = {isa = PBXFileReference; fileEncoding = 4; lastKnownFileType = sourcecode.c.h; path = Scene.h; sourceTree = "<group>"; };
		B204DBEA20E5D07D0026267A /* mog.h */ = {isa = PBXFileReference; fileEncoding = 4; lastKnownFileType = sourcecode.c.h; path = mog.h; sourceTree = "<group>"; };
		B204DBEC20E5D07E0026267A /* mog_functions.h */ = {isa = PBXFileReference; fileEncoding = 4; lastKnownFileType = sourcecode.c.h; path = mog_functions.h; sourceTree = "<group>"; };
		B204DBED20E5D07E0026267A /* Tween.h */ = {isa = PBXFileReference; fileEncoding = 4; lastKnownFileType = sourcecode.c.h; path = Tween.h; sourceTree = "<group>"; };
		B204DBEE20E5D07E0026267A /* Texture2D.h */ = {isa = PBXFileReference; fileEncoding = 4; lastKnownFileType = sourcecode.c.h; path = Texture2D.h; sourceTree = "<group>"; };
		B204DBEF20E5D07E0026267A /* plain_objects.h */ = {isa = PBXFileReference; fileEncoding = 4; lastKnownFileType = sourcecode.c.h; path = plain_objects.h; sourceTree = "<group>"; };
		B204DBF020E5D07E0026267A /* Engine.h */ = {isa = PBXFileReference; fileEncoding = 4; lastKnownFileType = sourcecode.c.h; path = Engine.h; sourceTree = "<group>"; };
		B204DBF120E5D07E0026267A /* Tween.cpp */ = {isa = PBXFileReference; fileEncoding = 4; lastKnownFileType = sourcecode.cpp.cpp; path = Tween.cpp; sourceTree = "<group>"; };
		B204DBF220E5D07E0026267A /* Shader.h */ = {isa = PBXFileReference; fileEncoding = 4; lastKnownFileType = sourcecode.c.h; path = Shader.h; sourceTree = "<group>"; };
		B204DBF320E5D07E0026267A /* Http.h */ = {isa = PBXFileReference; fileEncoding = 4; lastKnownFileType = sourcecode.c.h; path = Http.h; sourceTree = "<group>"; };
		B204DBF420E5D07E0026267A /* FileUtils.h */ = {isa = PBXFileReference; fileEncoding = 4; lastKnownFileType = sourcecode.c.h; path = FileUtils.h; sourceTree = "<group>"; };
		B204DBF520E5D07E0026267A /* PubSub.cpp */ = {isa = PBXFileReference; fileEncoding = 4; lastKnownFileType = sourcecode.cpp.cpp; path = PubSub.cpp; sourceTree = "<group>"; };
		B204DBF620E5D07E0026267A /* NativeClass.h */ = {isa = PBXFileReference; fileEncoding = 4; lastKnownFileType = sourcecode.c.h; path = NativeClass.h; sourceTree = "<group>"; };
		B204DBF720E5D07E0026267A /* MogStats.cpp */ = {isa = PBXFileReference; fileEncoding = 4; lastKnownFileType = sourcecode.cpp.cpp; path = MogStats.cpp; sourceTree = "<group>"; };
		B204DBF820E5D07E0026267A /* Data.h */ = {isa = PBXFileReference; fileEncoding = 4; lastKnownFileType = sourcecode.c.h; path = Data.h; sourceTree = "<group>"; };
		B204DBF920E5D07E0026267A /* KeyEvent.h */ = {isa = PBXFileReference; fileEncoding = 4; lastKnownFileType = sourcecode.c.h; path = KeyEvent.h; sourceTree = "<group>"; };
		B204DBFA20E5D07E0026267A /* DataStore.h */ = {isa = PBXFileReference; fileEncoding = 4; lastKnownFileType = sourcecode.c.h; path = DataStore.h; sourceTree = "<group>"; };
		B204DBFB20E5D07E0026267A /* MogUILoader.cpp */ = {isa = PBXFileReference; fileEncoding = 4; lastKnownFileType = sourcecode.cpp.cpp; path = MogUILoader.cpp; sourceTree = "<group>"; };
		B204DBFC20E5D07E0026267A /* Collision.h */ = {isa = PBXFileReference; fileEncoding = 4; lastKnownFileType = sourcecode.c.h; path = Collision.h; sourceTree = "<group>"; };
		B204DBFE20E5D07E0026267A /* FileUtils.cpp */ = {isa = PBXFileReference; fileEncoding = 4; lastKnownFileType = sourcecode.cpp.cpp; path = FileUtils.cpp; sourceTree = "<group>"; };
		B204DBFF20E5D07E0026267A /* Touch.h */ = {isa = PBXFileReference; fileEncoding = 4; lastKnownFileType = sourcecode.c.h; path = Touch.h; sourceTree = "<group>"; };
		B204DC0020E5D07E0026267A /* Renderer.h */ = {isa = PBXFileReference; fileEncoding = 4; lastKnownFileType = sourcecode.c.h; path = Renderer.h; sourceTree = "<group>"; };
		B204DC0120E5D07E0026267A /* PubSub.h */ = {isa = PBXFileReference; fileEncoding = 4; lastKnownFileType = sourcecode.c.h; path = PubSub.h; sourceTree = "<group>"; };
		B204DC0220E5D07E0026267A /* AudioPlayer.h */ = {isa = PBXFileReference; fileEncoding = 4; lastKnownFileType = sourcecode.c.h; path = AudioPlayer.h; sourceTree = "<group>"; };
		B204DC0320E5D07E0026267A /* Data.cpp */ = {isa = PBXFileReference; fileEncoding = 4; lastKnownFileType = sourcecode.cpp.cpp; path = Data.cpp; sourceTree = "<group>"; };
		B204DC0420E5D07E0026267A /* Shader.cpp */ = {isa = PBXFileReference; fileEncoding = 4; lastKnownFileType = sourcecode.cpp.cpp; path = Shader.cpp; sourceTree = "<group>"; };
		B204DC0520E5D07E0026267A /* TouchInput.h */ = {isa = PBXFileReference; fileEncoding = 4; lastKnownFileType = sourcecode.c.h; path = TouchInput.h; sourceTree = "<group>"; };
		B204DC0620E5D07E0026267A /* DataStore.cpp */ = {isa = PBXFileReference; fileEncoding = 4; lastKnownFileType = sourcecode.cpp.cpp; path = DataStore.cpp; sourceTree = "<group>"; };
		B204DC0720E5D07E0026267A /* Transform.cpp */ = {isa = PBXFileReference; fileEncoding = 4; lastKnownFileType = sourcecode.cpp.cpp; path = Transform.cpp; sourceTree = "<group>"; };
		B204DC0920E5D07E0026267A /* Transform.h */ = {isa = PBXFileReference; fileEncoding = 4; lastKnownFileType = sourcecode.c.h; path = Transform.h; sourceTree = "<group>"; };
		B204DC0A20E5D07E0026267A /* Http.cpp */ = {isa = PBXFileReference; fileEncoding = 4; lastKnownFileType = sourcecode.cpp.cpp; path = Http.cpp; sourceTree = "<group>"; };
		B204DC0B20E5D07E0026267A /* Texture2D.cpp */ = {isa = PBXFileReference; fileEncoding = 4; lastKnownFileType = sourcecode.cpp.cpp; path = Texture2D.cpp; sourceTree = "<group>"; };
		B204DC0C20E5D07E0026267A /* TextureAtlas.h */ = {isa = PBXFileReference; fileEncoding = 4; lastKnownFileType = sourcecode.c.h; path = TextureAtlas.h; sourceTree = "<group>"; };
		B204DC0D20E5D07E0026267A /* TouchEventListener.cpp */ = {isa = PBXFileReference; fileEncoding = 4; lastKnownFileType = sourcecode.cpp.cpp; path = TouchEventListener.cpp; sourceTree = "<group>"; };
		B204DC0E20E5D07E0026267A /* Engine.cpp */ = {isa = PBXFileReference; fileEncoding = 4; lastKnownFileType = sourcecode.cpp.cpp; path = Engine.cpp; sourceTree = "<group>"; };
		B204DC0F20E5D07E0026267A /* TextureAtlas.cpp */ = {isa = PBXFileReference; fileEncoding = 4; lastKnownFileType = sourcecode.cpp.cpp; path = TextureAtlas.cpp; sourceTree = "<group>"; };
		B204DC1020E5D07E0026267A /* Density.h */ = {isa = PBXFileReference; fileEncoding = 4; lastKnownFileType = sourcecode.c.h; path = Density.h; sourceTree = "<group>"; };
		B204DC1120E5D07E0026267A /* MogUILoader.h */ = {isa = PBXFileReference; fileEncoding = 4; lastKnownFileType = sourcecode.c.h; path = MogUILoader.h; sourceTree = "<group>"; };
		B204DC1220E5D07E0026267A /* Density.cpp */ = {isa = PBXFileReference; fileEncoding = 4; lastKnownFileType = sourcecode.cpp.cpp; path = Density.cpp; sourceTree = "<group>"; };
		B204DC1320E5D07E0026267A /* Preference.cpp */ = {isa = PBXFileReference; fileEncoding = 4; lastKnownFileType = sourcecode.cpp.cpp; path = Preference.cpp; sourceTree = "<group>"; };
		B204DC1420E5D07E0026267A /* AudioPlayer.cpp */ = {isa = PBXFileReference; fileEncoding = 4; lastKnownFileType = sourcecode.cpp.cpp; path = AudioPlayer.cpp; sourceTree = "<group>"; };
		B204DC1520E5D07E0026267A /* Collision.cpp */ = {isa = PBXFileReference; fileEncoding = 4; lastKnownFileType = sourcecode.cpp.cpp; path = Collision.cpp; sourceTree = "<group>"; };
		B204DC1620E5D07E0026267A /* MogStats.h */ = {isa = PBXFileReference; fileEncoding = 4; lastKnownFileType = sourcecode.c.h; path = MogStats.h; sourceTree = "<group>"; };
		B204DC1720E5D07E0026267A /* plain_objects.cpp */ = {isa = PBXFileReference; fileEncoding = 4; lastKnownFileType = sourcecode.cpp.cpp; path = plain_objects.cpp; sourceTree = "<group>"; };
		B204DC1820E5D07E0026267A /* Renderer.cpp */ = {isa = PBXFileReference; fileEncoding = 4; lastKnownFileType = sourcecode.cpp.cpp; path = Renderer.cpp; sourceTree = "<group>"; };
		B204DC1920E5D07E0026267A /* Preference.h */ = {isa = PBXFileReference; fileEncoding = 4; lastKnownFileType = sourcecode.c.h; path = Preference.h; sourceTree = "<group>"; };
		B204DC1A20E5D07E0026267A /* mog_functions.cpp */ = {isa = PBXFileReference; fileEncoding = 4; lastKnownFileType = sourcecode.cpp.cpp; path = mog_functions.cpp; sourceTree = "<group>"; };
		B204DC1B20E5D07E0026267A /* TouchEventListener.h */ = {isa = PBXFileReference; fileEncoding = 4; lastKnownFileType = sourcecode.c.h; path = TouchEventListener.h; sourceTree = "<group>"; };
		B204DC1D20E5D07E0026267A /* json.c */ = {isa = PBXFileReference; fileEncoding = 4; lastKnownFileType = sourcecode.c.c; path = json.c; sourceTree = "<group>"; };
		B204DC1E20E5D07E0026267A /* aes.c */ = {isa = PBXFileReference; fileEncoding = 4; lastKnownFileType = sourcecode.c.c; path = aes.c; sourceTree = "<group>"; };
		B204DC2120E5D07E0026267A /* sha256.h */ = {isa = PBXFileReference; fileEncoding = 4; lastKnownFileType = sourcecode.c.h; path = sha256.h; sourceTree = "<group>"; };
		B204DC2320E5D07E0026267A /* stb_image.h */ = {isa = PBXFileReference; fileEncoding = 4; lastKnownFileType = sourcecode.c.h; path = stb_image.h; sourceTree = "<group>"; };
		B204DC2420E5D07E0026267A /* aes.h */ = {isa = PBXFileReference; fileEncoding = 4; lastKnownFileType = sourcecode.c.h; path = aes.h; sourceTree = "<group>"; };
		B204DC2520E5D07E0026267A /* json.h */ = {isa = PBXFileReference; fileEncoding = 4; lastKnownFileType = sourcecode.c.h; path = json.h; sourceTree = "<group>"; };
		B204DC2620E5D07E0026267A /* sha256.cpp */ = {isa = PBXFileReference; fileEncoding = 4; lastKnownFileType = sourcecode.cpp.cpp; path = sha256.cpp; sourceTree = "<group>"; };
		B204DC2920E5D07E0026267A /* plugins.h */ = {isa = PBXFileReference; fileEncoding = 4; lastKnownFileType = sourcecode.c.h; path = plugins.h; sourceTree = "<group>"; };
		B204DC5720E5D0B80026267A /* PreferenceNative.h */ = {isa = PBXFileReference; fileEncoding = 4; lastKnownFileType = sourcecode.c.h; path = PreferenceNative.h; sourceTree = "<group>"; };
		B204DC5820E5D0B80026267A /* Texture2DNative.h */ = {isa = PBXFileReference; fileEncoding = 4; lastKnownFileType = sourcecode.c.h; path = Texture2DNative.h; sourceTree = "<group>"; };
		B204DC5920E5D0B80026267A /* PreferenceNative.mm */ = {isa = PBXFileReference; fileEncoding = 4; lastKnownFileType = sourcecode.cpp.objcpp; path = PreferenceNative.mm; sourceTree = "<group>"; };
		B204DC5A20E5D0B80026267A /* Texture2DNative.mm */ = {isa = PBXFileReference; fileEncoding = 4; lastKnownFileType = sourcecode.cpp.objcpp; path = Texture2DNative.mm; sourceTree = "<group>"; };
		B204DC5B20E5D0B90026267A /* Device.h */ = {isa = PBXFileReference; fileEncoding = 4; lastKnownFileType = sourcecode.c.h; path = Device.h; sourceTree = "<group>"; };
		B204DC5C20E5D0B90026267A /* opengl.h */ = {isa = PBXFileReference; fileEncoding = 4; lastKnownFileType = sourcecode.c.h; path = opengl.h; sourceTree = "<group>"; };
		B204DC5D20E5D0B90026267A /* FileUtilsNative.mm */ = {isa = PBXFileReference; fileEncoding = 4; lastKnownFileType = sourcecode.cpp.objcpp; path = FileUtilsNative.mm; sourceTree = "<group>"; };
		B204DC5E20E5D0B90026267A /* mog_functions_native.mm */ = {isa = PBXFileReference; fileEncoding = 4; lastKnownFileType = sourcecode.cpp.objcpp; path = mog_functions_native.mm; sourceTree = "<group>"; };
		B204DC5F20E5D0B90026267A /* mog_functions_native.h */ = {isa = PBXFileReference; fileEncoding = 4; lastKnownFileType = sourcecode.c.h; path = mog_functions_native.h; sourceTree = "<group>"; };
		B204DC6020E5D0B90026267A /* NativeClass.mm */ = {isa = PBXFileReference; fileEncoding = 4; lastKnownFileType = sourcecode.cpp.objcpp; path = NativeClass.mm; sourceTree = "<group>"; };
		B204DC6120E5D0B90026267A /* FileUtilsNative.h */ = {isa = PBXFileReference; fileEncoding = 4; lastKnownFileType = sourcecode.c.h; path = FileUtilsNative.h; sourceTree = "<group>"; };
		B204DC6220E5D0B90026267A /* Device.mm */ = {isa = PBXFileReference; fileEncoding = 4; lastKnownFileType = sourcecode.cpp.objcpp; path = Device.mm; sourceTree = "<group>"; };
		B204DC6320E5D0B90026267A /* AudioPlayerNative.h */ = {isa = PBXFileReference; fileEncoding = 4; lastKnownFileType = sourcecode.c.h; path = AudioPlayerNative.h; sourceTree = "<group>"; };
		B204DC6420E5D0B90026267A /* AudioPlayerNative.mm */ = {isa = PBXFileReference; fileEncoding = 4; lastKnownFileType = sourcecode.cpp.objcpp; path = AudioPlayerNative.mm; sourceTree = "<group>"; };
		B204DD4B20E6889C0026267A /* rpmalloc.h */ = {isa = PBXFileReference; fileEncoding = 4; lastKnownFileType = sourcecode.c.h; path = rpmalloc.h; sourceTree = "<group>"; };
		B204DD4C20E6889C0026267A /* rpmalloc.c */ = {isa = PBXFileReference; fileEncoding = 4; lastKnownFileType = sourcecode.c.c; path = rpmalloc.c; sourceTree = "<group>"; };
		B2506FB11FFD073700237ECA /* JavaScriptCore.framework */ = {isa = PBXFileReference; lastKnownFileType = wrapper.framework; name = JavaScriptCore.framework; path = System/Library/Frameworks/JavaScriptCore.framework; sourceTree = SDKROOT; };
		B25501F71F6D809E00D1353A /* CoreText.framework */ = {isa = PBXFileReference; lastKnownFileType = wrapper.framework; name = CoreText.framework; path = System/Library/Frameworks/CoreText.framework; sourceTree = SDKROOT; };
		B25BFF6E20E914EA00A975F3 /* HttpNative.mm */ = {isa = PBXFileReference; lastKnownFileType = sourcecode.cpp.objcpp; path = HttpNative.mm; sourceTree = "<group>"; };
		B25BFF6F20E914EA00A975F3 /* HttpNative.h */ = {isa = PBXFileReference; lastKnownFileType = sourcecode.c.h; path = HttpNative.h; sourceTree = "<group>"; };
		B26615671EF4FC9F004D1A1A /* GameKit.framework */ = {isa = PBXFileReference; lastKnownFileType = wrapper.framework; name = GameKit.framework; path = System/Library/Frameworks/GameKit.framework; sourceTree = SDKROOT; };
		B2A101721ED713DD00A2EB8A /* Mog2d-iOS.app */ = {isa = PBXFileReference; explicitFileType = wrapper.application; includeInIndex = 0; path = "Mog2d-iOS.app"; sourceTree = BUILT_PRODUCTS_DIR; };
		B2A101761ED713DD00A2EB8A /* main.m */ = {isa = PBXFileReference; lastKnownFileType = sourcecode.c.objc; path = main.m; sourceTree = "<group>"; };
		B2A101811ED713DD00A2EB8A /* Assets.xcassets */ = {isa = PBXFileReference; lastKnownFileType = folder.assetcatalog; path = Assets.xcassets; sourceTree = "<group>"; };
		B2A101841ED713DD00A2EB8A /* Base */ = {isa = PBXFileReference; lastKnownFileType = file.storyboard; name = Base; path = Base.lproj/LaunchScreen.storyboard; sourceTree = "<group>"; };
		B2A101861ED713DD00A2EB8A /* Info.plist */ = {isa = PBXFileReference; lastKnownFileType = text.plist.xml; path = Info.plist; sourceTree = "<group>"; };
		B2A103311ED7154000A2EB8A /* assets */ = {isa = PBXFileReference; lastKnownFileType = folder; name = assets; path = ../../assets; sourceTree = "<group>"; };
		B2A1033A1ED716BB00A2EB8A /* libz.tbd */ = {isa = PBXFileReference; lastKnownFileType = "sourcecode.text-based-dylib-definition"; name = libz.tbd; path = usr/lib/libz.tbd; sourceTree = SDKROOT; };
		B2A1033C1ED716C200A2EB8A /* SafariServices.framework */ = {isa = PBXFileReference; lastKnownFileType = wrapper.framework; name = SafariServices.framework; path = System/Library/Frameworks/SafariServices.framework; sourceTree = SDKROOT; };
		B2A1033E1ED716C600A2EB8A /* StoreKit.framework */ = {isa = PBXFileReference; lastKnownFileType = wrapper.framework; name = StoreKit.framework; path = System/Library/Frameworks/StoreKit.framework; sourceTree = SDKROOT; };
		B2A103401ED716D100A2EB8A /* OpenAL.framework */ = {isa = PBXFileReference; lastKnownFileType = wrapper.framework; name = OpenAL.framework; path = System/Library/Frameworks/OpenAL.framework; sourceTree = SDKROOT; };
		B2A103421ED716DA00A2EB8A /* AudioUnit.framework */ = {isa = PBXFileReference; lastKnownFileType = wrapper.framework; name = AudioUnit.framework; path = System/Library/Frameworks/AudioUnit.framework; sourceTree = SDKROOT; };
		B2A103441ED7170200A2EB8A /* AudioToolbox.framework */ = {isa = PBXFileReference; lastKnownFileType = wrapper.framework; name = AudioToolbox.framework; path = System/Library/Frameworks/AudioToolbox.framework; sourceTree = SDKROOT; };
		B2A1034A1ED725BD00A2EB8A /* QuartzCore.framework */ = {isa = PBXFileReference; lastKnownFileType = wrapper.framework; name = QuartzCore.framework; path = System/Library/Frameworks/QuartzCore.framework; sourceTree = SDKROOT; };
		B2B4730A1F0E79930043D501 /* assets_ios */ = {isa = PBXFileReference; lastKnownFileType = folder; name = assets_ios; path = ../../assets_ios; sourceTree = "<group>"; };
/* End PBXFileReference section */

/* Begin PBXFrameworksBuildPhase section */
		B2A1016F1ED713DD00A2EB8A /* Frameworks */ = {
			isa = PBXFrameworksBuildPhase;
			buildActionMask = 2147483647;
			files = (
				B2506FB21FFD073700237ECA /* JavaScriptCore.framework in Frameworks */,
				B254E0D31F360B16008DD68C /* AudioToolbox.framework in Frameworks */,
				B2A103411ED716D100A2EB8A /* OpenAL.framework in Frameworks */,
			);
			runOnlyForDeploymentPostprocessing = 0;
		};
/* End PBXFrameworksBuildPhase section */

/* Begin PBXGroup section */
		B204D9D920DFF29A0026267A /* classes_ios */ = {
			isa = PBXGroup;
			children = (
				B204D9DA20DFF29A0026267A /* mog */,
			);
			name = classes_ios;
			path = ../../classes_ios;
			sourceTree = "<group>";
		};
		B204D9DA20DFF29A0026267A /* mog */ = {
			isa = PBXGroup;
			children = (
				B204DC5620E5D0B80026267A /* core */,
				B204D9DB20DFF29A0026267A /* ConstantsNative.h */,
				B204D9EB20DFF29A0026267A /* plugins */,
				B204D9F820DFF29A0026267A /* libs */,
				B204D9FA20DFF29A0026267A /* os */,
			);
			path = mog;
			sourceTree = "<group>";
		};
		B204D9EB20DFF29A0026267A /* plugins */ = {
			isa = PBXGroup;
			children = (
			);
			path = plugins;
			sourceTree = "<group>";
		};
		B204D9F820DFF29A0026267A /* libs */ = {
			isa = PBXGroup;
			children = (
				B204D9F920DFF29A0026267A /* stb_vorbis.h */,
			);
			path = libs;
			sourceTree = "<group>";
		};
		B204D9FA20DFF29A0026267A /* os */ = {
			isa = PBXGroup;
			children = (
				B204DA0320DFF29B0026267A /* MogAppDelegate.h */,
				B204D9FC20DFF29B0026267A /* MogAppDelegate.m */,
				B204D9FF20DFF29B0026267A /* MogEngineController.h */,
				B204DA0020DFF29B0026267A /* MogEngineController.mm */,
				B204DA0420DFF29B0026267A /* MogTouchEventDelegate.h */,
				B204D9FB20DFF29A0026267A /* MogView.h */,
				B204DA0120DFF29B0026267A /* MogView.m */,
				B204D9FE20DFF29B0026267A /* MogViewController.h */,
				B204DA0520DFF29B0026267A /* MogViewController.m */,
			);
			path = os;
			sourceTree = "<group>";
		};
		B204DA0620DFF29B0026267A /* classes */ = {
			isa = PBXGroup;
			children = (
				B204DA0720DFF29B0026267A /* app */,
				B204DA0C20DFF29B0026267A /* mog */,
			);
			name = classes;
			path = ../../classes;
			sourceTree = "<group>";
		};
		B204DA0720DFF29B0026267A /* app */ = {
			isa = PBXGroup;
			children = (
				B204DA0920DFF29B0026267A /* App.h */,
				B204DA0B20DFF29B0026267A /* App.cpp */,
			);
			path = app;
			sourceTree = "<group>";
		};
		B204DA0C20DFF29B0026267A /* mog */ = {
			isa = PBXGroup;
			children = (
				B204DBC720E5D07D0026267A /* base */,
				B204DBC620E5D07D0026267A /* Constants.h */,
				B204DBEB20E5D07E0026267A /* core */,
				B204DC1C20E5D07E0026267A /* libs */,
				B204DBEA20E5D07D0026267A /* mog.h */,
				B204DC2820E5D07E0026267A /* plugins */,
			);
			path = mog;
			sourceTree = "<group>";
		};
		B204DBC720E5D07D0026267A /* base */ = {
			isa = PBXGroup;
			children = (
				B204DBE520E5D07D0026267A /* AppBase.cpp */,
				B204DBD120E5D07D0026267A /* AppBase.h */,
				B204DBDE20E5D07D0026267A /* Circle.cpp */,
				B204DBCF20E5D07D0026267A /* Circle.h */,
				B204DBD320E5D07D0026267A /* Drawable.cpp */,
				B204DBCD20E5D07D0026267A /* Drawable.h */,
				B204DBE220E5D07D0026267A /* DrawableGroup.cpp */,
				B204DBE820E5D07D0026267A /* DrawableGroup.h */,
				B204DBD020E5D07D0026267A /* Entity.cpp */,
				B204DBDB20E5D07D0026267A /* Entity.h */,
				B204DBD620E5D07D0026267A /* Graphics.cpp */,
				B204DBE320E5D07D0026267A /* Graphics.h */,
				B204DBE620E5D07D0026267A /* Group.cpp */,
				B204DBD920E5D07D0026267A /* Group.h */,
				B204DBD720E5D07D0026267A /* Label.cpp */,
				B204DBCB20E5D07D0026267A /* Label.h */,
				B204DBC920E5D07D0026267A /* Line.cpp */,
				B204DBE020E5D07D0026267A /* Line.h */,
				B204DBDC20E5D07D0026267A /* Polygon.cpp */,
				B204DBCA20E5D07D0026267A /* Polygon.h */,
				B204DBDD20E5D07D0026267A /* Rectangle.cpp */,
				B204DBE420E5D07D0026267A /* Rectangle.h */,
				B204DBE720E5D07D0026267A /* RoundedRectangle.cpp */,
				B204DBC820E5D07D0026267A /* RoundedRectangle.h */,
				B204DBCE20E5D07D0026267A /* Scene.cpp */,
				B204DBE920E5D07D0026267A /* Scene.h */,
				B204DBD520E5D07D0026267A /* Slice9Sprite.cpp */,
				B204DBD420E5D07D0026267A /* Slice9Sprite.h */,
				B204DBD220E5D07D0026267A /* Sprite.cpp */,
				B204DBD820E5D07D0026267A /* Sprite.h */,
				B204DBCC20E5D07D0026267A /* SpriteSheet.cpp */,
				B204DBE120E5D07D0026267A /* SpriteSheet.h */,
				B204DBDA20E5D07D0026267A /* Triangle.cpp */,
				B204DBDF20E5D07D0026267A /* Triangle.h */,
			);
			path = base;
			sourceTree = "<group>";
		};
		B204DBEB20E5D07E0026267A /* core */ = {
			isa = PBXGroup;
			children = (
				B204DC1420E5D07E0026267A /* AudioPlayer.cpp */,
				B204DC0220E5D07E0026267A /* AudioPlayer.h */,
				B204DC1520E5D07E0026267A /* Collision.cpp */,
				B204DBFC20E5D07E0026267A /* Collision.h */,
				B204DC0320E5D07E0026267A /* Data.cpp */,
				B204DBF820E5D07E0026267A /* Data.h */,
				B204DC0620E5D07E0026267A /* DataStore.cpp */,
				B204DBFA20E5D07E0026267A /* DataStore.h */,
				B204DC1220E5D07E0026267A /* Density.cpp */,
				B204DC1020E5D07E0026267A /* Density.h */,
				B204DC0E20E5D07E0026267A /* Engine.cpp */,
				B204DBF020E5D07E0026267A /* Engine.h */,
				B204DBFE20E5D07E0026267A /* FileUtils.cpp */,
				B204DBF420E5D07E0026267A /* FileUtils.h */,
				B204DC0A20E5D07E0026267A /* Http.cpp */,
				B204DBF320E5D07E0026267A /* Http.h */,
				B204DBF920E5D07E0026267A /* KeyEvent.h */,
				B204DC1A20E5D07E0026267A /* mog_functions.cpp */,
				B204DBEC20E5D07E0026267A /* mog_functions.h */,
				B204DBF720E5D07E0026267A /* MogStats.cpp */,
				B204DC1620E5D07E0026267A /* MogStats.h */,
				B204DBFB20E5D07E0026267A /* MogUILoader.cpp */,
				B204DC1120E5D07E0026267A /* MogUILoader.h */,
				B204DBF620E5D07E0026267A /* NativeClass.h */,
				B204DC1720E5D07E0026267A /* plain_objects.cpp */,
				B204DBEF20E5D07E0026267A /* plain_objects.h */,
				B204DC1320E5D07E0026267A /* Preference.cpp */,
				B204DC1920E5D07E0026267A /* Preference.h */,
				B204DBF520E5D07E0026267A /* PubSub.cpp */,
				B204DC0120E5D07E0026267A /* PubSub.h */,
				B204DC1820E5D07E0026267A /* Renderer.cpp */,
				B204DC0020E5D07E0026267A /* Renderer.h */,
				B204DC0420E5D07E0026267A /* Shader.cpp */,
				B204DBF220E5D07E0026267A /* Shader.h */,
				B204DC0B20E5D07E0026267A /* Texture2D.cpp */,
				B204DBEE20E5D07E0026267A /* Texture2D.h */,
				B204DC0F20E5D07E0026267A /* TextureAtlas.cpp */,
				B204DC0C20E5D07E0026267A /* TextureAtlas.h */,
				B204DBFF20E5D07E0026267A /* Touch.h */,
				B204DC0D20E5D07E0026267A /* TouchEventListener.cpp */,
				B204DC1B20E5D07E0026267A /* TouchEventListener.h */,
				B204DC0520E5D07E0026267A /* TouchInput.h */,
				B204DC0720E5D07E0026267A /* Transform.cpp */,
				B204DC0920E5D07E0026267A /* Transform.h */,
				B204DBF120E5D07E0026267A /* Tween.cpp */,
				B204DBED20E5D07E0026267A /* Tween.h */,
			);
			path = core;
			sourceTree = "<group>";
		};
		B204DC1C20E5D07E0026267A /* libs */ = {
			isa = PBXGroup;
			children = (
				B204DD4C20E6889C0026267A /* rpmalloc.c */,
				B204DD4B20E6889C0026267A /* rpmalloc.h */,
				B204DC1D20E5D07E0026267A /* json.c */,
				B204DC1E20E5D07E0026267A /* aes.c */,
				B204DC2120E5D07E0026267A /* sha256.h */,
				B204DC2320E5D07E0026267A /* stb_image.h */,
				B204DC2420E5D07E0026267A /* aes.h */,
				B204DC2520E5D07E0026267A /* json.h */,
				B204DC2620E5D07E0026267A /* sha256.cpp */,
			);
			path = libs;
			sourceTree = "<group>";
		};
		B204DC2820E5D07E0026267A /* plugins */ = {
			isa = PBXGroup;
			children = (
				B204DC2920E5D07E0026267A /* plugins.h */,
			);
			path = plugins;
			sourceTree = "<group>";
		};
		B204DC5620E5D0B80026267A /* core */ = {
			isa = PBXGroup;
			children = (
				B204DC6320E5D0B90026267A /* AudioPlayerNative.h */,
				B204DC6420E5D0B90026267A /* AudioPlayerNative.mm */,
				B204DC5B20E5D0B90026267A /* Device.h */,
				B204DC6220E5D0B90026267A /* Device.mm */,
				B204DC6120E5D0B90026267A /* FileUtilsNative.h */,
				B204DC5D20E5D0B90026267A /* FileUtilsNative.mm */,
				B25BFF6F20E914EA00A975F3 /* HttpNative.h */,
				B25BFF6E20E914EA00A975F3 /* HttpNative.mm */,
				B204DC5F20E5D0B90026267A /* mog_functions_native.h */,
				B204DC5E20E5D0B90026267A /* mog_functions_native.mm */,
				B204DC6020E5D0B90026267A /* NativeClass.mm */,
				B204DC5C20E5D0B90026267A /* opengl.h */,
				B204DC5720E5D0B80026267A /* PreferenceNative.h */,
				B204DC5920E5D0B80026267A /* PreferenceNative.mm */,
				B204DC5820E5D0B80026267A /* Texture2DNative.h */,
				B204DC5A20E5D0B80026267A /* Texture2DNative.mm */,
			);
			path = core;
			sourceTree = "<group>";
		};
		B2A101691ED713DC00A2EB8A = {
			isa = PBXGroup;
			children = (
				B2A101741ED713DD00A2EB8A /* Mog2d-iOS */,
				B2A101731ED713DD00A2EB8A /* Products */,
				B2A103391ED716BB00A2EB8A /* Frameworks */,
			);
			sourceTree = "<group>";
		};
		B2A101731ED713DD00A2EB8A /* Products */ = {
			isa = PBXGroup;
			children = (
				B2A101721ED713DD00A2EB8A /* Mog2d-iOS.app */,
			);
			name = Products;
			sourceTree = "<group>";
		};
		B2A101741ED713DD00A2EB8A /* Mog2d-iOS */ = {
			isa = PBXGroup;
			children = (
				B204DA0620DFF29B0026267A /* classes */,
				B204D9D920DFF29A0026267A /* classes_ios */,
				B2A103311ED7154000A2EB8A /* assets */,
				B2B4730A1F0E79930043D501 /* assets_ios */,
				B2A101811ED713DD00A2EB8A /* Assets.xcassets */,
				B2A101831ED713DD00A2EB8A /* LaunchScreen.storyboard */,
				B2A101861ED713DD00A2EB8A /* Info.plist */,
				B2A101751ED713DD00A2EB8A /* Supporting Files */,
			);
			path = "Mog2d-iOS";
			sourceTree = "<group>";
		};
		B2A101751ED713DD00A2EB8A /* Supporting Files */ = {
			isa = PBXGroup;
			children = (
				B2A101761ED713DD00A2EB8A /* main.m */,
			);
			name = "Supporting Files";
			sourceTree = "<group>";
		};
		B2A103391ED716BB00A2EB8A /* Frameworks */ = {
			isa = PBXGroup;
			children = (
				B2506FB11FFD073700237ECA /* JavaScriptCore.framework */,
				B25501F71F6D809E00D1353A /* CoreText.framework */,
				B26615671EF4FC9F004D1A1A /* GameKit.framework */,
				B2A1034A1ED725BD00A2EB8A /* QuartzCore.framework */,
				B2A103441ED7170200A2EB8A /* AudioToolbox.framework */,
				B2A103421ED716DA00A2EB8A /* AudioUnit.framework */,
				B2A103401ED716D100A2EB8A /* OpenAL.framework */,
				B2A1033E1ED716C600A2EB8A /* StoreKit.framework */,
				B2A1033C1ED716C200A2EB8A /* SafariServices.framework */,
				B2A1033A1ED716BB00A2EB8A /* libz.tbd */,
			);
			name = Frameworks;
			sourceTree = "<group>";
		};
/* End PBXGroup section */

/* Begin PBXNativeTarget section */
		B2A101711ED713DD00A2EB8A /* Mog2d-iOS */ = {
			isa = PBXNativeTarget;
			buildConfigurationList = B2A101891ED713DD00A2EB8A /* Build configuration list for PBXNativeTarget "Mog2d-iOS" */;
			buildPhases = (
				B2A1016E1ED713DD00A2EB8A /* Sources */,
				B2A1016F1ED713DD00A2EB8A /* Frameworks */,
				B2A101701ED713DD00A2EB8A /* Resources */,
			);
			buildRules = (
			);
			dependencies = (
			);
			name = "Mog2d-iOS";
			productName = "Mog2d-iOS";
			productReference = B2A101721ED713DD00A2EB8A /* Mog2d-iOS.app */;
			productType = "com.apple.product-type.application";
		};
/* End PBXNativeTarget section */

/* Begin PBXProject section */
		B2A1016A1ED713DC00A2EB8A /* Project object */ = {
			isa = PBXProject;
			attributes = {
				LastUpgradeCheck = 0830;
				ORGANIZATIONNAME = mog2d;
				TargetAttributes = {
					B2A101711ED713DD00A2EB8A = {
						CreatedOnToolsVersion = 8.3.2;
						DevelopmentTeam = AE855DM39N;
						ProvisioningStyle = Automatic;
					};
				};
			};
			buildConfigurationList = B2A1016D1ED713DC00A2EB8A /* Build configuration list for PBXProject "Mog2d-iOS" */;
			compatibilityVersion = "Xcode 3.2";
			developmentRegion = English;
			hasScannedForEncodings = 0;
			knownRegions = (
				en,
				Base,
			);
			mainGroup = B2A101691ED713DC00A2EB8A;
			productRefGroup = B2A101731ED713DD00A2EB8A /* Products */;
			projectDirPath = "";
			projectRoot = "";
			targets = (
				B2A101711ED713DD00A2EB8A /* Mog2d-iOS */,
			);
		};
/* End PBXProject section */

/* Begin PBXResourcesBuildPhase section */
		B2A101701ED713DD00A2EB8A /* Resources */ = {
			isa = PBXResourcesBuildPhase;
			buildActionMask = 2147483647;
			files = (
				B2A103321ED7154000A2EB8A /* assets in Resources */,
				B2A101851ED713DD00A2EB8A /* LaunchScreen.storyboard in Resources */,
				B2A101821ED713DD00A2EB8A /* Assets.xcassets in Resources */,
				B2B4730B1F0E79930043D501 /* assets_ios in Resources */,
			);
			runOnlyForDeploymentPostprocessing = 0;
		};
/* End PBXResourcesBuildPhase section */

/* Begin PBXSourcesBuildPhase section */
		B2A1016E1ED713DD00A2EB8A /* Sources */ = {
			isa = PBXSourcesBuildPhase;
			buildActionMask = 2147483647;
			files = (
				B204DC6B20E5D0B90026267A /* AudioPlayerNative.mm in Sources */,
				B204DC2B20E5D07F0026267A /* SpriteSheet.cpp in Sources */,
				B2A101771ED713DD00A2EB8A /* main.m in Sources */,
				B204DC4D20E5D07F0026267A /* Collision.cpp in Sources */,
				B204DC3020E5D07F0026267A /* Slice9Sprite.cpp in Sources */,
				B204DC2C20E5D07F0026267A /* Scene.cpp in Sources */,
				B204DD4D20E6889C0026267A /* rpmalloc.c in Sources */,
				B204DC3E20E5D07F0026267A /* MogUILoader.cpp in Sources */,
				B204DC4E20E5D07F0026267A /* plain_objects.cpp in Sources */,
				B204DA9620DFF29B0026267A /* MogView.m in Sources */,
				B204DC4620E5D07F0026267A /* Texture2D.cpp in Sources */,
				B204DC2F20E5D07F0026267A /* Drawable.cpp in Sources */,
				B204DC4120E5D07F0026267A /* Data.cpp in Sources */,
				B204DC4220E5D07F0026267A /* Shader.cpp in Sources */,
				B204DA9920DFF29B0026267A /* App.cpp in Sources */,
				B25BFF7020E914EA00A975F3 /* HttpNative.mm in Sources */,
				B204DC3420E5D07F0026267A /* Polygon.cpp in Sources */,
				B204DC3920E5D07F0026267A /* Group.cpp in Sources */,
				B204DC4420E5D07F0026267A /* Transform.cpp in Sources */,
				B204DC3220E5D07F0026267A /* Label.cpp in Sources */,
				B204DC2E20E5D07F0026267A /* Sprite.cpp in Sources */,
				B204DC4520E5D07F0026267A /* Http.cpp in Sources */,
				B204DC4C20E5D07F0026267A /* AudioPlayer.cpp in Sources */,
				B204DC6820E5D0B90026267A /* mog_functions_native.mm in Sources */,
				B204DC4920E5D07F0026267A /* TextureAtlas.cpp in Sources */,
				B204DA9320DFF29B0026267A /* MogAppDelegate.m in Sources */,
				B204DC4320E5D07F0026267A /* DataStore.cpp in Sources */,
				B204DC3120E5D07F0026267A /* Graphics.cpp in Sources */,
				B204DC3A20E5D07F0026267A /* RoundedRectangle.cpp in Sources */,
				B204DC3D20E5D07F0026267A /* MogStats.cpp in Sources */,
				B204DC6720E5D0B90026267A /* FileUtilsNative.mm in Sources */,
				B204DC4F20E5D07F0026267A /* Renderer.cpp in Sources */,
				B204DC5220E5D07F0026267A /* aes.c in Sources */,
				B204DC2A20E5D07F0026267A /* Line.cpp in Sources */,
				B204DC4B20E5D07F0026267A /* Preference.cpp in Sources */,
				B204DC3620E5D07F0026267A /* Circle.cpp in Sources */,
				B204DA9520DFF29B0026267A /* MogEngineController.mm in Sources */,
				B204DC6620E5D0B90026267A /* Texture2DNative.mm in Sources */,
				B204DC3720E5D07F0026267A /* DrawableGroup.cpp in Sources */,
				B204DC3320E5D07F0026267A /* Triangle.cpp in Sources */,
				B204DC4820E5D07F0026267A /* Engine.cpp in Sources */,
				B204DC6520E5D0B90026267A /* PreferenceNative.mm in Sources */,
				B204DC3520E5D07F0026267A /* Rectangle.cpp in Sources */,
				B204DC4A20E5D07F0026267A /* Density.cpp in Sources */,
				B204DA9720DFF29B0026267A /* MogViewController.m in Sources */,
				B204DC3820E5D07F0026267A /* AppBase.cpp in Sources */,
				B204DC4720E5D07F0026267A /* TouchEventListener.cpp in Sources */,
				B204DC3B20E5D07F0026267A /* Tween.cpp in Sources */,
				B204DC2D20E5D07F0026267A /* Entity.cpp in Sources */,
				B204DC3C20E5D07F0026267A /* PubSub.cpp in Sources */,
				B204DC6920E5D0B90026267A /* NativeClass.mm in Sources */,
				B204DC4020E5D07F0026267A /* FileUtils.cpp in Sources */,
				B204DC6A20E5D0B90026267A /* Device.mm in Sources */,
				B204DC5020E5D07F0026267A /* mog_functions.cpp in Sources */,
				B204DC5520E5D07F0026267A /* sha256.cpp in Sources */,
				B204DC5120E5D07F0026267A /* json.c in Sources */,
			);
			runOnlyForDeploymentPostprocessing = 0;
		};
/* End PBXSourcesBuildPhase section */

/* Begin PBXVariantGroup section */
		B2A101831ED713DD00A2EB8A /* LaunchScreen.storyboard */ = {
			isa = PBXVariantGroup;
			children = (
				B2A101841ED713DD00A2EB8A /* Base */,
			);
			name = LaunchScreen.storyboard;
			sourceTree = "<group>";
		};
/* End PBXVariantGroup section */

/* Begin XCBuildConfiguration section */
		B2A101871ED713DD00A2EB8A /* Debug */ = {
			isa = XCBuildConfiguration;
			buildSettings = {
				ALWAYS_SEARCH_USER_PATHS = NO;
				CLANG_ANALYZER_NONNULL = YES;
				CLANG_ANALYZER_NUMBER_OBJECT_CONVERSION = YES_AGGRESSIVE;
				CLANG_CXX_LANGUAGE_STANDARD = "gnu++0x";
				CLANG_CXX_LIBRARY = "libc++";
				CLANG_ENABLE_MODULES = YES;
				CLANG_ENABLE_OBJC_ARC = YES;
				CLANG_WARN_BOOL_CONVERSION = YES;
				CLANG_WARN_CONSTANT_CONVERSION = YES;
				CLANG_WARN_DIRECT_OBJC_ISA_USAGE = YES_ERROR;
				CLANG_WARN_DOCUMENTATION_COMMENTS = YES;
				CLANG_WARN_EMPTY_BODY = YES;
				CLANG_WARN_ENUM_CONVERSION = YES;
				CLANG_WARN_INFINITE_RECURSION = YES;
				CLANG_WARN_INT_CONVERSION = YES;
				CLANG_WARN_OBJC_ROOT_CLASS = YES_ERROR;
				CLANG_WARN_SUSPICIOUS_MOVE = YES;
				CLANG_WARN_UNREACHABLE_CODE = YES;
				CLANG_WARN__DUPLICATE_METHOD_MATCH = YES;
				"CODE_SIGN_IDENTITY[sdk=iphoneos*]" = "iPhone Developer";
				COPY_PHASE_STRIP = NO;
				DEBUG_INFORMATION_FORMAT = dwarf;
				ENABLE_STRICT_OBJC_MSGSEND = YES;
				ENABLE_TESTABILITY = YES;
				GCC_C_LANGUAGE_STANDARD = gnu99;
				GCC_DYNAMIC_NO_PIC = NO;
				GCC_NO_COMMON_BLOCKS = YES;
				GCC_OPTIMIZATION_LEVEL = 0;
				GCC_PREPROCESSOR_DEFINITIONS = (
					"$(inherited)",
					"DEBUG=1",
					MOG_DEBUG,
					MOG_IOS,
				);
				GCC_WARN_64_TO_32_BIT_CONVERSION = YES;
				GCC_WARN_ABOUT_RETURN_TYPE = YES_ERROR;
				GCC_WARN_UNDECLARED_SELECTOR = YES;
				GCC_WARN_UNINITIALIZED_AUTOS = YES_AGGRESSIVE;
				GCC_WARN_UNUSED_FUNCTION = YES;
				GCC_WARN_UNUSED_VARIABLE = YES;
				IPHONEOS_DEPLOYMENT_TARGET = 9.3;
				MTL_ENABLE_DEBUG_INFO = YES;
				ONLY_ACTIVE_ARCH = YES;
				SDKROOT = iphoneos;
				TARGETED_DEVICE_FAMILY = "1,2";
			};
			name = Debug;
		};
		B2A101881ED713DD00A2EB8A /* Release */ = {
			isa = XCBuildConfiguration;
			buildSettings = {
				ALWAYS_SEARCH_USER_PATHS = NO;
				CLANG_ANALYZER_NONNULL = YES;
				CLANG_ANALYZER_NUMBER_OBJECT_CONVERSION = YES_AGGRESSIVE;
				CLANG_CXX_LANGUAGE_STANDARD = "gnu++0x";
				CLANG_CXX_LIBRARY = "libc++";
				CLANG_ENABLE_MODULES = YES;
				CLANG_ENABLE_OBJC_ARC = YES;
				CLANG_WARN_BOOL_CONVERSION = YES;
				CLANG_WARN_CONSTANT_CONVERSION = YES;
				CLANG_WARN_DIRECT_OBJC_ISA_USAGE = YES_ERROR;
				CLANG_WARN_DOCUMENTATION_COMMENTS = YES;
				CLANG_WARN_EMPTY_BODY = YES;
				CLANG_WARN_ENUM_CONVERSION = YES;
				CLANG_WARN_INFINITE_RECURSION = YES;
				CLANG_WARN_INT_CONVERSION = YES;
				CLANG_WARN_OBJC_ROOT_CLASS = YES_ERROR;
				CLANG_WARN_SUSPICIOUS_MOVE = YES;
				CLANG_WARN_UNREACHABLE_CODE = YES;
				CLANG_WARN__DUPLICATE_METHOD_MATCH = YES;
				"CODE_SIGN_IDENTITY[sdk=iphoneos*]" = "iPhone Developer";
				COPY_PHASE_STRIP = NO;
				DEBUG_INFORMATION_FORMAT = "dwarf-with-dsym";
				ENABLE_NS_ASSERTIONS = NO;
				ENABLE_STRICT_OBJC_MSGSEND = YES;
				GCC_C_LANGUAGE_STANDARD = gnu99;
				GCC_NO_COMMON_BLOCKS = YES;
				GCC_PREPROCESSOR_DEFINITIONS = (
					"$(inherited)",
					MOG_IOS,
				);
				GCC_WARN_64_TO_32_BIT_CONVERSION = YES;
				GCC_WARN_ABOUT_RETURN_TYPE = YES_ERROR;
				GCC_WARN_UNDECLARED_SELECTOR = YES;
				GCC_WARN_UNINITIALIZED_AUTOS = YES_AGGRESSIVE;
				GCC_WARN_UNUSED_FUNCTION = YES;
				GCC_WARN_UNUSED_VARIABLE = YES;
				IPHONEOS_DEPLOYMENT_TARGET = 9.3;
				MTL_ENABLE_DEBUG_INFO = NO;
				SDKROOT = iphoneos;
				TARGETED_DEVICE_FAMILY = "1,2";
				VALIDATE_PRODUCT = YES;
			};
			name = Release;
		};
		B2A1018A1ED713DD00A2EB8A /* Debug */ = {
			isa = XCBuildConfiguration;
			buildSettings = {
				ASSETCATALOG_COMPILER_APPICON_NAME = AppIcon;
				DEVELOPMENT_TEAM = AE855DM39N;
				HEADER_SEARCH_PATHS = (
					"${SRCROOT}/../classes",
					"${SRCROOT}/../classes_ios",
				);
				INFOPLIST_FILE = "Mog2d-iOS/Info.plist";
				LD_RUNPATH_SEARCH_PATHS = "$(inherited) @executable_path/Frameworks";
				PRODUCT_BUNDLE_IDENTIFIER = org.mog2d.ios;
				PRODUCT_NAME = "$(TARGET_NAME)";
			};
			name = Debug;
		};
		B2A1018B1ED713DD00A2EB8A /* Release */ = {
			isa = XCBuildConfiguration;
			buildSettings = {
				ASSETCATALOG_COMPILER_APPICON_NAME = AppIcon;
				DEVELOPMENT_TEAM = AE855DM39N;
				HEADER_SEARCH_PATHS = (
					"${SRCROOT}/../classes",
					"${SRCROOT}/../classes_ios",
				);
				INFOPLIST_FILE = "Mog2d-iOS/Info.plist";
				LD_RUNPATH_SEARCH_PATHS = "$(inherited) @executable_path/Frameworks";
				PRODUCT_BUNDLE_IDENTIFIER = org.mog2d.ios;
				PRODUCT_NAME = "$(TARGET_NAME)";
			};
			name = Release;
		};
/* End XCBuildConfiguration section */

/* Begin XCConfigurationList section */
		B2A1016D1ED713DC00A2EB8A /* Build configuration list for PBXProject "Mog2d-iOS" */ = {
			isa = XCConfigurationList;
			buildConfigurations = (
				B2A101871ED713DD00A2EB8A /* Debug */,
				B2A101881ED713DD00A2EB8A /* Release */,
			);
			defaultConfigurationIsVisible = 0;
			defaultConfigurationName = Release;
		};
		B2A101891ED713DD00A2EB8A /* Build configuration list for PBXNativeTarget "Mog2d-iOS" */ = {
			isa = XCConfigurationList;
			buildConfigurations = (
				B2A1018A1ED713DD00A2EB8A /* Debug */,
				B2A1018B1ED713DD00A2EB8A /* Release */,
			);
			defaultConfigurationIsVisible = 0;
			defaultConfigurationName = Release;
		};
/* End XCConfigurationList section */
	};
	rootObject = B2A1016A1ED713DC00A2EB8A /* Project object */;
}
